// !$*UTF8*$!
{
	archiveVersion = 1;
	classes = {
	};
	objectVersion = 46;
	objects = {

/* Begin PBXBuildFile section */
		4D4B7DCE1F0948A400789943 /* XJNetWorkClient.m in Sources */ = {isa = PBXBuildFile; fileRef = 4D4B7DCD1F0948A400789943 /* XJNetWorkClient.m */; };
		4D4B7DD11F094AB600789943 /* NSObject+Additional.m in Sources */ = {isa = PBXBuildFile; fileRef = 4D4B7DD01F094AB600789943 /* NSObject+Additional.m */; };
		4D4B7DD51F094C2500789943 /* MBProgressHUD.m in Sources */ = {isa = PBXBuildFile; fileRef = 4D4B7DD41F094C2500789943 /* MBProgressHUD.m */; };
		4D4B7DD81F094CED00789943 /* NSString+Additional.m in Sources */ = {isa = PBXBuildFile; fileRef = 4D4B7DD71F094CED00789943 /* NSString+Additional.m */; };
		4D4B7DDC1F0950C000789943 /* NSDictionary+NetworkingMethods.m in Sources */ = {isa = PBXBuildFile; fileRef = 4D4B7DDB1F0950C000789943 /* NSDictionary+NetworkingMethods.m */; };
		4D4B7DDF1F0950F800789943 /* NSArray+NetworkingMethods.m in Sources */ = {isa = PBXBuildFile; fileRef = 4D4B7DDE1F0950F800789943 /* NSArray+NetworkingMethods.m */; };
		4D4B7DE51F0A597900789943 /* XJNetApiManager.m in Sources */ = {isa = PBXBuildFile; fileRef = 4D4B7DE41F0A597900789943 /* XJNetApiManager.m */; };
		4DB5DA4C1F078C5B00D00828 /* UIView+ZJFrame.m in Sources */ = {isa = PBXBuildFile; fileRef = 4DB5DA3C1F078C5B00D00828 /* UIView+ZJFrame.m */; };
		4DB5DA4D1F078C5B00D00828 /* UIViewController+ZJScrollPageController.m in Sources */ = {isa = PBXBuildFile; fileRef = 4DB5DA3E1F078C5B00D00828 /* UIViewController+ZJScrollPageController.m */; };
		4DB5DA4E1F078C5B00D00828 /* ZJCollectionView.m in Sources */ = {isa = PBXBuildFile; fileRef = 4DB5DA401F078C5B00D00828 /* ZJCollectionView.m */; };
		4DB5DA4F1F078C5B00D00828 /* ZJContentView.m in Sources */ = {isa = PBXBuildFile; fileRef = 4DB5DA421F078C5B00D00828 /* ZJContentView.m */; };
		4DB5DA501F078C5B00D00828 /* ZJScrollPageView.m in Sources */ = {isa = PBXBuildFile; fileRef = 4DB5DA441F078C5B00D00828 /* ZJScrollPageView.m */; };
		4DB5DA511F078C5B00D00828 /* ZJScrollSegmentView.m in Sources */ = {isa = PBXBuildFile; fileRef = 4DB5DA471F078C5B00D00828 /* ZJScrollSegmentView.m */; };
		4DB5DA521F078C5B00D00828 /* ZJSegmentStyle.m in Sources */ = {isa = PBXBuildFile; fileRef = 4DB5DA491F078C5B00D00828 /* ZJSegmentStyle.m */; };
		4DB5DA531F078C5B00D00828 /* ZJTitleView.m in Sources */ = {isa = PBXBuildFile; fileRef = 4DB5DA4B1F078C5B00D00828 /* ZJTitleView.m */; };
		4DB5DA5C1F078EF400D00828 /* XJFollowViewController.m in Sources */ = {isa = PBXBuildFile; fileRef = 4DB5DA5B1F078EF400D00828 /* XJFollowViewController.m */; };
		4DB5DA5F1F078F0E00D00828 /* XJHotViewController.m in Sources */ = {isa = PBXBuildFile; fileRef = 4DB5DA5E1F078F0E00D00828 /* XJHotViewController.m */; };
		4DB5DA621F078F2500D00828 /* XJNewPersonViewController.m in Sources */ = {isa = PBXBuildFile; fileRef = 4DB5DA611F078F2500D00828 /* XJNewPersonViewController.m */; };
		4DF495E11F077F120029F961 /* main.m in Sources */ = {isa = PBXBuildFile; fileRef = 4DF495E01F077F120029F961 /* main.m */; };
		4DF495E41F077F120029F961 /* AppDelegate.m in Sources */ = {isa = PBXBuildFile; fileRef = 4DF495E31F077F120029F961 /* AppDelegate.m */; };
		4DF495E71F077F120029F961 /* ViewController.m in Sources */ = {isa = PBXBuildFile; fileRef = 4DF495E61F077F120029F961 /* ViewController.m */; };
		4DF495EA1F077F120029F961 /* Main.storyboard in Resources */ = {isa = PBXBuildFile; fileRef = 4DF495E81F077F120029F961 /* Main.storyboard */; };
		4DF495EC1F077F120029F961 /* Assets.xcassets in Resources */ = {isa = PBXBuildFile; fileRef = 4DF495EB1F077F120029F961 /* Assets.xcassets */; };
		4DF495EF1F077F120029F961 /* LaunchScreen.storyboard in Resources */ = {isa = PBXBuildFile; fileRef = 4DF495ED1F077F120029F961 /* LaunchScreen.storyboard */; };
		4DF495FA1F077F120029F961 /* xiangjiaopiTests.m in Sources */ = {isa = PBXBuildFile; fileRef = 4DF495F91F077F120029F961 /* xiangjiaopiTests.m */; };
		4DF496051F077F120029F961 /* xiangjiaopiUITests.m in Sources */ = {isa = PBXBuildFile; fileRef = 4DF496041F077F120029F961 /* xiangjiaopiUITests.m */; };
		4DF4962E1F0781160029F961 /* XJGirlPlayViewController.m in Sources */ = {isa = PBXBuildFile; fileRef = 4DF4962D1F0781160029F961 /* XJGirlPlayViewController.m */; };
		4DF496311F07812B0029F961 /* XJMessageViewController.m in Sources */ = {isa = PBXBuildFile; fileRef = 4DF496301F07812B0029F961 /* XJMessageViewController.m */; };
		4DF496341F0781410029F961 /* XJMyProfileViewController.m in Sources */ = {isa = PBXBuildFile; fileRef = 4DF496331F0781410029F961 /* XJMyProfileViewController.m */; };
		4DF496411F0782730029F961 /* CMTabBarViewController.m in Sources */ = {isa = PBXBuildFile; fileRef = 4DF4963E1F0782730029F961 /* CMTabBarViewController.m */; };
		4DF496461F0782C70029F961 /* UIImage+Extension.m in Sources */ = {isa = PBXBuildFile; fileRef = 4DF496451F0782C70029F961 /* UIImage+Extension.m */; };
		4DF4964A1F07848E0029F961 /* KQUINavigationViewController.m in Sources */ = {isa = PBXBuildFile; fileRef = 4DF496491F07848E0029F961 /* KQUINavigationViewController.m */; };
		4DF4964D1F0784D90029F961 /* UIBarButtonItem+Extension.m in Sources */ = {isa = PBXBuildFile; fileRef = 4DF4964C1F0784D90029F961 /* UIBarButtonItem+Extension.m */; };
		4DF496501F0785350029F961 /* NSString+Size.m in Sources */ = {isa = PBXBuildFile; fileRef = 4DF4964F1F0785350029F961 /* NSString+Size.m */; };
		4DF496531F0785600029F961 /* NSData+CommonCrypto.m in Sources */ = {isa = PBXBuildFile; fileRef = 4DF496521F0785600029F961 /* NSData+CommonCrypto.m */; };
		4DF496561F0785970029F961 /* GTMBase64.m in Sources */ = {isa = PBXBuildFile; fileRef = 4DF496551F0785970029F961 /* GTMBase64.m */; };
		4DF4965F1F07867A0029F961 /* .gitignore in Resources */ = {isa = PBXBuildFile; fileRef = 4DF4965A1F07867A0029F961 /* .gitignore */; };
		4DF496601F07867A0029F961 /* UIView+AEBHandyAutoLayout.m in Sources */ = {isa = PBXBuildFile; fileRef = 4DF4965C1F07867A0029F961 /* UIView+AEBHandyAutoLayout.m */; };
		4DF496611F07867A0029F961 /* UIView+LayoutMethods.m in Sources */ = {isa = PBXBuildFile; fileRef = 4DF4965E1F07867A0029F961 /* UIView+LayoutMethods.m */; };
		4DFDFE5B1F09104D001719B1 /* MJRefreshAutoFooter.m in Sources */ = {isa = PBXBuildFile; fileRef = 4DFDFE2F1F09104D001719B1 /* MJRefreshAutoFooter.m */; };
		4DFDFE5C1F09104D001719B1 /* MJRefreshBackFooter.m in Sources */ = {isa = PBXBuildFile; fileRef = 4DFDFE311F09104D001719B1 /* MJRefreshBackFooter.m */; };
		4DFDFE5D1F09104D001719B1 /* MJRefreshComponent.m in Sources */ = {isa = PBXBuildFile; fileRef = 4DFDFE331F09104D001719B1 /* MJRefreshComponent.m */; };
		4DFDFE5E1F09104D001719B1 /* MJRefreshFooter.m in Sources */ = {isa = PBXBuildFile; fileRef = 4DFDFE351F09104D001719B1 /* MJRefreshFooter.m */; };
		4DFDFE5F1F09104D001719B1 /* MJRefreshHeader.m in Sources */ = {isa = PBXBuildFile; fileRef = 4DFDFE371F09104D001719B1 /* MJRefreshHeader.m */; };
		4DFDFE601F09104D001719B1 /* MJRefreshAutoGifFooter.m in Sources */ = {isa = PBXBuildFile; fileRef = 4DFDFE3C1F09104D001719B1 /* MJRefreshAutoGifFooter.m */; };
		4DFDFE611F09104D001719B1 /* MJRefreshAutoNormalFooter.m in Sources */ = {isa = PBXBuildFile; fileRef = 4DFDFE3E1F09104D001719B1 /* MJRefreshAutoNormalFooter.m */; };
		4DFDFE621F09104D001719B1 /* MJRefreshAutoStateFooter.m in Sources */ = {isa = PBXBuildFile; fileRef = 4DFDFE401F09104D001719B1 /* MJRefreshAutoStateFooter.m */; };
		4DFDFE631F09104D001719B1 /* MJRefreshBackGifFooter.m in Sources */ = {isa = PBXBuildFile; fileRef = 4DFDFE431F09104D001719B1 /* MJRefreshBackGifFooter.m */; };
		4DFDFE641F09104D001719B1 /* MJRefreshBackNormalFooter.m in Sources */ = {isa = PBXBuildFile; fileRef = 4DFDFE451F09104D001719B1 /* MJRefreshBackNormalFooter.m */; };
		4DFDFE651F09104D001719B1 /* MJRefreshBackStateFooter.m in Sources */ = {isa = PBXBuildFile; fileRef = 4DFDFE471F09104D001719B1 /* MJRefreshBackStateFooter.m */; };
		4DFDFE661F09104D001719B1 /* MJRefreshGifHeader.m in Sources */ = {isa = PBXBuildFile; fileRef = 4DFDFE4A1F09104D001719B1 /* MJRefreshGifHeader.m */; };
		4DFDFE671F09104D001719B1 /* MJRefreshNormalHeader.m in Sources */ = {isa = PBXBuildFile; fileRef = 4DFDFE4C1F09104D001719B1 /* MJRefreshNormalHeader.m */; };
		4DFDFE681F09104D001719B1 /* MJRefreshStateHeader.m in Sources */ = {isa = PBXBuildFile; fileRef = 4DFDFE4E1F09104D001719B1 /* MJRefreshStateHeader.m */; };
		4DFDFE691F09104D001719B1 /* MJRefresh.bundle in Resources */ = {isa = PBXBuildFile; fileRef = 4DFDFE4F1F09104D001719B1 /* MJRefresh.bundle */; };
		4DFDFE6A1F09104D001719B1 /* MJRefreshConst.m in Sources */ = {isa = PBXBuildFile; fileRef = 4DFDFE521F09104D001719B1 /* MJRefreshConst.m */; };
		4DFDFE6B1F09104D001719B1 /* NSBundle+MJRefresh.m in Sources */ = {isa = PBXBuildFile; fileRef = 4DFDFE541F09104D001719B1 /* NSBundle+MJRefresh.m */; };
		4DFDFE6C1F09104D001719B1 /* UIScrollView+MJExtension.m in Sources */ = {isa = PBXBuildFile; fileRef = 4DFDFE561F09104D001719B1 /* UIScrollView+MJExtension.m */; };
		4DFDFE6D1F09104D001719B1 /* UIScrollView+MJRefresh.m in Sources */ = {isa = PBXBuildFile; fileRef = 4DFDFE581F09104D001719B1 /* UIScrollView+MJRefresh.m */; };
		4DFDFE6E1F09104D001719B1 /* UIView+MJExtension.m in Sources */ = {isa = PBXBuildFile; fileRef = 4DFDFE5A1F09104D001719B1 /* UIView+MJExtension.m */; };
		4DFDFE7D1F09285A001719B1 /* AFHTTPSessionManager.m in Sources */ = {isa = PBXBuildFile; fileRef = 4DFDFE711F09285A001719B1 /* AFHTTPSessionManager.m */; };
		4DFDFE7E1F09285A001719B1 /* AFNetworkReachabilityManager.m in Sources */ = {isa = PBXBuildFile; fileRef = 4DFDFE741F09285A001719B1 /* AFNetworkReachabilityManager.m */; };
		4DFDFE7F1F09285A001719B1 /* AFSecurityPolicy.m in Sources */ = {isa = PBXBuildFile; fileRef = 4DFDFE761F09285A001719B1 /* AFSecurityPolicy.m */; };
		4DFDFE801F09285A001719B1 /* AFURLRequestSerialization.m in Sources */ = {isa = PBXBuildFile; fileRef = 4DFDFE781F09285A001719B1 /* AFURLRequestSerialization.m */; };
		4DFDFE811F09285A001719B1 /* AFURLResponseSerialization.m in Sources */ = {isa = PBXBuildFile; fileRef = 4DFDFE7A1F09285A001719B1 /* AFURLResponseSerialization.m */; };
		4DFDFE821F09285A001719B1 /* AFURLSessionManager.m in Sources */ = {isa = PBXBuildFile; fileRef = 4DFDFE7C1F09285A001719B1 /* AFURLSessionManager.m */; };
		4DFDFE9A1F09286C001719B1 /* Info.plist in Resources */ = {isa = PBXBuildFile; fileRef = 4DFDFE841F09286C001719B1 /* Info.plist */; };
		4DFDFE9B1F09286C001719B1 /* MJExtensionConst.m in Sources */ = {isa = PBXBuildFile; fileRef = 4DFDFE871F09286C001719B1 /* MJExtensionConst.m */; };
		4DFDFE9C1F09286C001719B1 /* MJFoundation.m in Sources */ = {isa = PBXBuildFile; fileRef = 4DFDFE891F09286C001719B1 /* MJFoundation.m */; };
		4DFDFE9D1F09286C001719B1 /* MJProperty.m in Sources */ = {isa = PBXBuildFile; fileRef = 4DFDFE8B1F09286C001719B1 /* MJProperty.m */; };
		4DFDFE9E1F09286C001719B1 /* MJPropertyKey.m in Sources */ = {isa = PBXBuildFile; fileRef = 4DFDFE8D1F09286C001719B1 /* MJPropertyKey.m */; };
		4DFDFE9F1F09286C001719B1 /* MJPropertyType.m in Sources */ = {isa = PBXBuildFile; fileRef = 4DFDFE8F1F09286C001719B1 /* MJPropertyType.m */; };
		4DFDFEA01F09286C001719B1 /* NSObject+MJClass.m in Sources */ = {isa = PBXBuildFile; fileRef = 4DFDFE911F09286C001719B1 /* NSObject+MJClass.m */; };
		4DFDFEA11F09286C001719B1 /* NSObject+MJCoding.m in Sources */ = {isa = PBXBuildFile; fileRef = 4DFDFE931F09286C001719B1 /* NSObject+MJCoding.m */; };
		4DFDFEA21F09286C001719B1 /* NSObject+MJKeyValue.m in Sources */ = {isa = PBXBuildFile; fileRef = 4DFDFE951F09286C001719B1 /* NSObject+MJKeyValue.m */; };
		4DFDFEA31F09286C001719B1 /* NSObject+MJProperty.m in Sources */ = {isa = PBXBuildFile; fileRef = 4DFDFE971F09286C001719B1 /* NSObject+MJProperty.m */; };
		4DFDFEA41F09286C001719B1 /* NSString+MJExtension.m in Sources */ = {isa = PBXBuildFile; fileRef = 4DFDFE991F09286C001719B1 /* NSString+MJExtension.m */; };
		4DFDFED11F092881001719B1 /* MKAnnotationView+WebCache.m in Sources */ = {isa = PBXBuildFile; fileRef = 4DFDFEAA1F092881001719B1 /* MKAnnotationView+WebCache.m */; };
		4DFDFED21F092881001719B1 /* NSData+ImageContentType.m in Sources */ = {isa = PBXBuildFile; fileRef = 4DFDFEAC1F092881001719B1 /* NSData+ImageContentType.m */; };
		4DFDFED31F092881001719B1 /* NSImage+WebCache.m in Sources */ = {isa = PBXBuildFile; fileRef = 4DFDFEAE1F092881001719B1 /* NSImage+WebCache.m */; };
		4DFDFED41F092881001719B1 /* SDImageCache.m in Sources */ = {isa = PBXBuildFile; fileRef = 4DFDFEB01F092881001719B1 /* SDImageCache.m */; };
		4DFDFED51F092881001719B1 /* SDImageCacheConfig.m in Sources */ = {isa = PBXBuildFile; fileRef = 4DFDFEB21F092881001719B1 /* SDImageCacheConfig.m */; };
		4DFDFED61F092881001719B1 /* SDWebImageCompat.m in Sources */ = {isa = PBXBuildFile; fileRef = 4DFDFEB41F092881001719B1 /* SDWebImageCompat.m */; };
		4DFDFED71F092881001719B1 /* SDWebImageDecoder.m in Sources */ = {isa = PBXBuildFile; fileRef = 4DFDFEB61F092881001719B1 /* SDWebImageDecoder.m */; };
		4DFDFED81F092881001719B1 /* SDWebImageDownloader.m in Sources */ = {isa = PBXBuildFile; fileRef = 4DFDFEB81F092881001719B1 /* SDWebImageDownloader.m */; };
		4DFDFED91F092881001719B1 /* SDWebImageDownloaderOperation.m in Sources */ = {isa = PBXBuildFile; fileRef = 4DFDFEBA1F092881001719B1 /* SDWebImageDownloaderOperation.m */; };
		4DFDFEDA1F092881001719B1 /* SDWebImageManager.m in Sources */ = {isa = PBXBuildFile; fileRef = 4DFDFEBC1F092881001719B1 /* SDWebImageManager.m */; };
		4DFDFEDB1F092881001719B1 /* SDWebImagePrefetcher.m in Sources */ = {isa = PBXBuildFile; fileRef = 4DFDFEBF1F092881001719B1 /* SDWebImagePrefetcher.m */; };
		4DFDFEDC1F092881001719B1 /* UIButton+WebCache.m in Sources */ = {isa = PBXBuildFile; fileRef = 4DFDFEC11F092881001719B1 /* UIButton+WebCache.m */; };
		4DFDFEDD1F092881001719B1 /* UIImage+GIF.m in Sources */ = {isa = PBXBuildFile; fileRef = 4DFDFEC31F092881001719B1 /* UIImage+GIF.m */; };
		4DFDFEDE1F092881001719B1 /* UIImage+MultiFormat.m in Sources */ = {isa = PBXBuildFile; fileRef = 4DFDFEC51F092881001719B1 /* UIImage+MultiFormat.m */; };
		4DFDFEDF1F092881001719B1 /* UIImage+WebP.m in Sources */ = {isa = PBXBuildFile; fileRef = 4DFDFEC71F092881001719B1 /* UIImage+WebP.m */; };
		4DFDFEE01F092881001719B1 /* UIImageView+HighlightedWebCache.m in Sources */ = {isa = PBXBuildFile; fileRef = 4DFDFEC91F092881001719B1 /* UIImageView+HighlightedWebCache.m */; };
		4DFDFEE11F092881001719B1 /* UIImageView+WebCache.m in Sources */ = {isa = PBXBuildFile; fileRef = 4DFDFECB1F092881001719B1 /* UIImageView+WebCache.m */; };
		4DFDFEE21F092881001719B1 /* UIView+WebCache.m in Sources */ = {isa = PBXBuildFile; fileRef = 4DFDFECD1F092881001719B1 /* UIView+WebCache.m */; };
		4DFDFEE31F092881001719B1 /* UIView+WebCacheOperation.m in Sources */ = {isa = PBXBuildFile; fileRef = 4DFDFECF1F092881001719B1 /* UIView+WebCacheOperation.m */; };
		B628235E1F0BF0CE0042323B /* iconfont.ttf in Resources */ = {isa = PBXBuildFile; fileRef = B628235D1F0BF0CE0042323B /* iconfont.ttf */; };
/* End PBXBuildFile section */

/* Begin PBXContainerItemProxy section */
		4DF495F61F077F120029F961 /* PBXContainerItemProxy */ = {
			isa = PBXContainerItemProxy;
			containerPortal = 4DF495D41F077F120029F961 /* Project object */;
			proxyType = 1;
			remoteGlobalIDString = 4DF495DB1F077F120029F961;
			remoteInfo = xiangjiaopi;
		};
		4DF496011F077F120029F961 /* PBXContainerItemProxy */ = {
			isa = PBXContainerItemProxy;
			containerPortal = 4DF495D41F077F120029F961 /* Project object */;
			proxyType = 1;
			remoteGlobalIDString = 4DF495DB1F077F120029F961;
			remoteInfo = xiangjiaopi;
		};
/* End PBXContainerItemProxy section */

/* Begin PBXFileReference section */
		4D4B7DCC1F0948A400789943 /* XJNetWorkClient.h */ = {isa = PBXFileReference; fileEncoding = 4; lastKnownFileType = sourcecode.c.h; path = XJNetWorkClient.h; sourceTree = "<group>"; };
		4D4B7DCD1F0948A400789943 /* XJNetWorkClient.m */ = {isa = PBXFileReference; fileEncoding = 4; lastKnownFileType = sourcecode.c.objc; path = XJNetWorkClient.m; sourceTree = "<group>"; };
		4D4B7DCF1F094AB600789943 /* NSObject+Additional.h */ = {isa = PBXFileReference; fileEncoding = 4; lastKnownFileType = sourcecode.c.h; path = "NSObject+Additional.h"; sourceTree = "<group>"; };
		4D4B7DD01F094AB600789943 /* NSObject+Additional.m */ = {isa = PBXFileReference; fileEncoding = 4; lastKnownFileType = sourcecode.c.objc; path = "NSObject+Additional.m"; sourceTree = "<group>"; };
		4D4B7DD31F094C2500789943 /* MBProgressHUD.h */ = {isa = PBXFileReference; fileEncoding = 4; lastKnownFileType = sourcecode.c.h; path = MBProgressHUD.h; sourceTree = "<group>"; };
		4D4B7DD41F094C2500789943 /* MBProgressHUD.m */ = {isa = PBXFileReference; fileEncoding = 4; lastKnownFileType = sourcecode.c.objc; path = MBProgressHUD.m; sourceTree = "<group>"; };
		4D4B7DD61F094CED00789943 /* NSString+Additional.h */ = {isa = PBXFileReference; fileEncoding = 4; lastKnownFileType = sourcecode.c.h; path = "NSString+Additional.h"; sourceTree = "<group>"; };
		4D4B7DD71F094CED00789943 /* NSString+Additional.m */ = {isa = PBXFileReference; fileEncoding = 4; lastKnownFileType = sourcecode.c.objc; path = "NSString+Additional.m"; sourceTree = "<group>"; };
		4D4B7DDA1F0950C000789943 /* NSDictionary+NetworkingMethods.h */ = {isa = PBXFileReference; fileEncoding = 4; lastKnownFileType = sourcecode.c.h; path = "NSDictionary+NetworkingMethods.h"; sourceTree = "<group>"; };
		4D4B7DDB1F0950C000789943 /* NSDictionary+NetworkingMethods.m */ = {isa = PBXFileReference; fileEncoding = 4; lastKnownFileType = sourcecode.c.objc; path = "NSDictionary+NetworkingMethods.m"; sourceTree = "<group>"; };
		4D4B7DDD1F0950F800789943 /* NSArray+NetworkingMethods.h */ = {isa = PBXFileReference; fileEncoding = 4; lastKnownFileType = sourcecode.c.h; path = "NSArray+NetworkingMethods.h"; sourceTree = "<group>"; };
		4D4B7DDE1F0950F800789943 /* NSArray+NetworkingMethods.m */ = {isa = PBXFileReference; fileEncoding = 4; lastKnownFileType = sourcecode.c.objc; path = "NSArray+NetworkingMethods.m"; sourceTree = "<group>"; };
		4D4B7DE31F0A597900789943 /* XJNetApiManager.h */ = {isa = PBXFileReference; fileEncoding = 4; lastKnownFileType = sourcecode.c.h; path = XJNetApiManager.h; sourceTree = "<group>"; };
		4D4B7DE41F0A597900789943 /* XJNetApiManager.m */ = {isa = PBXFileReference; fileEncoding = 4; lastKnownFileType = sourcecode.c.objc; path = XJNetApiManager.m; sourceTree = "<group>"; };
		4D4B7DE61F0A5A6100789943 /* XJNetService.h */ = {isa = PBXFileReference; lastKnownFileType = sourcecode.c.h; path = XJNetService.h; sourceTree = "<group>"; };
		4DB5DA3B1F078C5B00D00828 /* UIView+ZJFrame.h */ = {isa = PBXFileReference; fileEncoding = 4; lastKnownFileType = sourcecode.c.h; path = "UIView+ZJFrame.h"; sourceTree = "<group>"; };
		4DB5DA3C1F078C5B00D00828 /* UIView+ZJFrame.m */ = {isa = PBXFileReference; fileEncoding = 4; lastKnownFileType = sourcecode.c.objc; path = "UIView+ZJFrame.m"; sourceTree = "<group>"; };
		4DB5DA3D1F078C5B00D00828 /* UIViewController+ZJScrollPageController.h */ = {isa = PBXFileReference; fileEncoding = 4; lastKnownFileType = sourcecode.c.h; path = "UIViewController+ZJScrollPageController.h"; sourceTree = "<group>"; };
		4DB5DA3E1F078C5B00D00828 /* UIViewController+ZJScrollPageController.m */ = {isa = PBXFileReference; fileEncoding = 4; lastKnownFileType = sourcecode.c.objc; path = "UIViewController+ZJScrollPageController.m"; sourceTree = "<group>"; };
		4DB5DA3F1F078C5B00D00828 /* ZJCollectionView.h */ = {isa = PBXFileReference; fileEncoding = 4; lastKnownFileType = sourcecode.c.h; path = ZJCollectionView.h; sourceTree = "<group>"; };
		4DB5DA401F078C5B00D00828 /* ZJCollectionView.m */ = {isa = PBXFileReference; fileEncoding = 4; lastKnownFileType = sourcecode.c.objc; path = ZJCollectionView.m; sourceTree = "<group>"; };
		4DB5DA411F078C5B00D00828 /* ZJContentView.h */ = {isa = PBXFileReference; fileEncoding = 4; lastKnownFileType = sourcecode.c.h; path = ZJContentView.h; sourceTree = "<group>"; };
		4DB5DA421F078C5B00D00828 /* ZJContentView.m */ = {isa = PBXFileReference; fileEncoding = 4; lastKnownFileType = sourcecode.c.objc; path = ZJContentView.m; sourceTree = "<group>"; };
		4DB5DA431F078C5B00D00828 /* ZJScrollPageView.h */ = {isa = PBXFileReference; fileEncoding = 4; lastKnownFileType = sourcecode.c.h; path = ZJScrollPageView.h; sourceTree = "<group>"; };
		4DB5DA441F078C5B00D00828 /* ZJScrollPageView.m */ = {isa = PBXFileReference; fileEncoding = 4; lastKnownFileType = sourcecode.c.objc; path = ZJScrollPageView.m; sourceTree = "<group>"; };
		4DB5DA451F078C5B00D00828 /* ZJScrollPageViewDelegate.h */ = {isa = PBXFileReference; fileEncoding = 4; lastKnownFileType = sourcecode.c.h; path = ZJScrollPageViewDelegate.h; sourceTree = "<group>"; };
		4DB5DA461F078C5B00D00828 /* ZJScrollSegmentView.h */ = {isa = PBXFileReference; fileEncoding = 4; lastKnownFileType = sourcecode.c.h; path = ZJScrollSegmentView.h; sourceTree = "<group>"; };
		4DB5DA471F078C5B00D00828 /* ZJScrollSegmentView.m */ = {isa = PBXFileReference; fileEncoding = 4; lastKnownFileType = sourcecode.c.objc; path = ZJScrollSegmentView.m; sourceTree = "<group>"; };
		4DB5DA481F078C5B00D00828 /* ZJSegmentStyle.h */ = {isa = PBXFileReference; fileEncoding = 4; lastKnownFileType = sourcecode.c.h; path = ZJSegmentStyle.h; sourceTree = "<group>"; };
		4DB5DA491F078C5B00D00828 /* ZJSegmentStyle.m */ = {isa = PBXFileReference; fileEncoding = 4; lastKnownFileType = sourcecode.c.objc; path = ZJSegmentStyle.m; sourceTree = "<group>"; };
		4DB5DA4A1F078C5B00D00828 /* ZJTitleView.h */ = {isa = PBXFileReference; fileEncoding = 4; lastKnownFileType = sourcecode.c.h; path = ZJTitleView.h; sourceTree = "<group>"; };
		4DB5DA4B1F078C5B00D00828 /* ZJTitleView.m */ = {isa = PBXFileReference; fileEncoding = 4; lastKnownFileType = sourcecode.c.objc; path = ZJTitleView.m; sourceTree = "<group>"; };
		4DB5DA5A1F078EF400D00828 /* XJFollowViewController.h */ = {isa = PBXFileReference; fileEncoding = 4; lastKnownFileType = sourcecode.c.h; path = XJFollowViewController.h; sourceTree = "<group>"; };
		4DB5DA5B1F078EF400D00828 /* XJFollowViewController.m */ = {isa = PBXFileReference; fileEncoding = 4; lastKnownFileType = sourcecode.c.objc; path = XJFollowViewController.m; sourceTree = "<group>"; };
		4DB5DA5D1F078F0E00D00828 /* XJHotViewController.h */ = {isa = PBXFileReference; fileEncoding = 4; lastKnownFileType = sourcecode.c.h; path = XJHotViewController.h; sourceTree = "<group>"; };
		4DB5DA5E1F078F0E00D00828 /* XJHotViewController.m */ = {isa = PBXFileReference; fileEncoding = 4; lastKnownFileType = sourcecode.c.objc; path = XJHotViewController.m; sourceTree = "<group>"; };
		4DB5DA601F078F2500D00828 /* XJNewPersonViewController.h */ = {isa = PBXFileReference; fileEncoding = 4; lastKnownFileType = sourcecode.c.h; path = XJNewPersonViewController.h; sourceTree = "<group>"; };
		4DB5DA611F078F2500D00828 /* XJNewPersonViewController.m */ = {isa = PBXFileReference; fileEncoding = 4; lastKnownFileType = sourcecode.c.objc; path = XJNewPersonViewController.m; sourceTree = "<group>"; };
		4DF495DC1F077F120029F961 /* xiangjiaopi.app */ = {isa = PBXFileReference; explicitFileType = wrapper.application; includeInIndex = 0; path = xiangjiaopi.app; sourceTree = BUILT_PRODUCTS_DIR; };
		4DF495E01F077F120029F961 /* main.m */ = {isa = PBXFileReference; lastKnownFileType = sourcecode.c.objc; path = main.m; sourceTree = "<group>"; };
		4DF495E21F077F120029F961 /* AppDelegate.h */ = {isa = PBXFileReference; lastKnownFileType = sourcecode.c.h; path = AppDelegate.h; sourceTree = "<group>"; };
		4DF495E31F077F120029F961 /* AppDelegate.m */ = {isa = PBXFileReference; lastKnownFileType = sourcecode.c.objc; path = AppDelegate.m; sourceTree = "<group>"; };
		4DF495E51F077F120029F961 /* ViewController.h */ = {isa = PBXFileReference; lastKnownFileType = sourcecode.c.h; path = ViewController.h; sourceTree = "<group>"; };
		4DF495E61F077F120029F961 /* ViewController.m */ = {isa = PBXFileReference; lastKnownFileType = sourcecode.c.objc; path = ViewController.m; sourceTree = "<group>"; };
		4DF495E91F077F120029F961 /* Base */ = {isa = PBXFileReference; lastKnownFileType = file.storyboard; name = Base; path = Base.lproj/Main.storyboard; sourceTree = "<group>"; };
		4DF495EB1F077F120029F961 /* Assets.xcassets */ = {isa = PBXFileReference; lastKnownFileType = folder.assetcatalog; path = Assets.xcassets; sourceTree = "<group>"; };
		4DF495EE1F077F120029F961 /* Base */ = {isa = PBXFileReference; lastKnownFileType = file.storyboard; name = Base; path = Base.lproj/LaunchScreen.storyboard; sourceTree = "<group>"; };
		4DF495F01F077F120029F961 /* Info.plist */ = {isa = PBXFileReference; lastKnownFileType = text.plist.xml; path = Info.plist; sourceTree = "<group>"; };
		4DF495F51F077F120029F961 /* xiangjiaopiTests.xctest */ = {isa = PBXFileReference; explicitFileType = wrapper.cfbundle; includeInIndex = 0; path = xiangjiaopiTests.xctest; sourceTree = BUILT_PRODUCTS_DIR; };
		4DF495F91F077F120029F961 /* xiangjiaopiTests.m */ = {isa = PBXFileReference; lastKnownFileType = sourcecode.c.objc; path = xiangjiaopiTests.m; sourceTree = "<group>"; };
		4DF495FB1F077F120029F961 /* Info.plist */ = {isa = PBXFileReference; lastKnownFileType = text.plist.xml; path = Info.plist; sourceTree = "<group>"; };
		4DF496001F077F120029F961 /* xiangjiaopiUITests.xctest */ = {isa = PBXFileReference; explicitFileType = wrapper.cfbundle; includeInIndex = 0; path = xiangjiaopiUITests.xctest; sourceTree = BUILT_PRODUCTS_DIR; };
		4DF496041F077F120029F961 /* xiangjiaopiUITests.m */ = {isa = PBXFileReference; lastKnownFileType = sourcecode.c.objc; path = xiangjiaopiUITests.m; sourceTree = "<group>"; };
		4DF496061F077F120029F961 /* Info.plist */ = {isa = PBXFileReference; lastKnownFileType = text.plist.xml; path = Info.plist; sourceTree = "<group>"; };
		4DF4962C1F0781160029F961 /* XJGirlPlayViewController.h */ = {isa = PBXFileReference; fileEncoding = 4; lastKnownFileType = sourcecode.c.h; path = XJGirlPlayViewController.h; sourceTree = "<group>"; };
		4DF4962D1F0781160029F961 /* XJGirlPlayViewController.m */ = {isa = PBXFileReference; fileEncoding = 4; lastKnownFileType = sourcecode.c.objc; path = XJGirlPlayViewController.m; sourceTree = "<group>"; };
		4DF4962F1F07812B0029F961 /* XJMessageViewController.h */ = {isa = PBXFileReference; fileEncoding = 4; lastKnownFileType = sourcecode.c.h; path = XJMessageViewController.h; sourceTree = "<group>"; };
		4DF496301F07812B0029F961 /* XJMessageViewController.m */ = {isa = PBXFileReference; fileEncoding = 4; lastKnownFileType = sourcecode.c.objc; path = XJMessageViewController.m; sourceTree = "<group>"; };
		4DF496321F0781410029F961 /* XJMyProfileViewController.h */ = {isa = PBXFileReference; fileEncoding = 4; lastKnownFileType = sourcecode.c.h; path = XJMyProfileViewController.h; sourceTree = "<group>"; };
		4DF496331F0781410029F961 /* XJMyProfileViewController.m */ = {isa = PBXFileReference; fileEncoding = 4; lastKnownFileType = sourcecode.c.objc; path = XJMyProfileViewController.m; sourceTree = "<group>"; };
		4DF4963D1F0782730029F961 /* CMTabBarViewController.h */ = {isa = PBXFileReference; fileEncoding = 4; lastKnownFileType = sourcecode.c.h; path = CMTabBarViewController.h; sourceTree = "<group>"; };
		4DF4963E1F0782730029F961 /* CMTabBarViewController.m */ = {isa = PBXFileReference; fileEncoding = 4; lastKnownFileType = sourcecode.c.objc; path = CMTabBarViewController.m; sourceTree = "<group>"; };
		4DF496441F0782C70029F961 /* UIImage+Extension.h */ = {isa = PBXFileReference; fileEncoding = 4; lastKnownFileType = sourcecode.c.h; path = "UIImage+Extension.h"; sourceTree = "<group>"; };
		4DF496451F0782C70029F961 /* UIImage+Extension.m */ = {isa = PBXFileReference; fileEncoding = 4; lastKnownFileType = sourcecode.c.objc; path = "UIImage+Extension.m"; sourceTree = "<group>"; };
		4DF496471F0783220029F961 /* PrefixHeader.pch */ = {isa = PBXFileReference; fileEncoding = 4; lastKnownFileType = sourcecode.c.h; path = PrefixHeader.pch; sourceTree = "<group>"; };
		4DF496481F07848E0029F961 /* KQUINavigationViewController.h */ = {isa = PBXFileReference; fileEncoding = 4; lastKnownFileType = sourcecode.c.h; path = KQUINavigationViewController.h; sourceTree = "<group>"; };
		4DF496491F07848E0029F961 /* KQUINavigationViewController.m */ = {isa = PBXFileReference; fileEncoding = 4; lastKnownFileType = sourcecode.c.objc; path = KQUINavigationViewController.m; sourceTree = "<group>"; };
		4DF4964B1F0784D90029F961 /* UIBarButtonItem+Extension.h */ = {isa = PBXFileReference; fileEncoding = 4; lastKnownFileType = sourcecode.c.h; path = "UIBarButtonItem+Extension.h"; sourceTree = "<group>"; };
		4DF4964C1F0784D90029F961 /* UIBarButtonItem+Extension.m */ = {isa = PBXFileReference; fileEncoding = 4; lastKnownFileType = sourcecode.c.objc; path = "UIBarButtonItem+Extension.m"; sourceTree = "<group>"; };
		4DF4964E1F0785350029F961 /* NSString+Size.h */ = {isa = PBXFileReference; fileEncoding = 4; lastKnownFileType = sourcecode.c.h; path = "NSString+Size.h"; sourceTree = "<group>"; };
		4DF4964F1F0785350029F961 /* NSString+Size.m */ = {isa = PBXFileReference; fileEncoding = 4; lastKnownFileType = sourcecode.c.objc; path = "NSString+Size.m"; sourceTree = "<group>"; };
		4DF496511F0785600029F961 /* NSData+CommonCrypto.h */ = {isa = PBXFileReference; fileEncoding = 4; lastKnownFileType = sourcecode.c.h; path = "NSData+CommonCrypto.h"; sourceTree = "<group>"; };
		4DF496521F0785600029F961 /* NSData+CommonCrypto.m */ = {isa = PBXFileReference; fileEncoding = 4; lastKnownFileType = sourcecode.c.objc; path = "NSData+CommonCrypto.m"; sourceTree = "<group>"; };
		4DF496541F0785970029F961 /* GTMBase64.h */ = {isa = PBXFileReference; fileEncoding = 4; lastKnownFileType = sourcecode.c.h; path = GTMBase64.h; sourceTree = "<group>"; };
		4DF496551F0785970029F961 /* GTMBase64.m */ = {isa = PBXFileReference; fileEncoding = 4; lastKnownFileType = sourcecode.c.objc; path = GTMBase64.m; sourceTree = "<group>"; };
		4DF496571F0785AB0029F961 /* GTMDefines.h */ = {isa = PBXFileReference; fileEncoding = 4; lastKnownFileType = sourcecode.c.h; path = GTMDefines.h; sourceTree = "<group>"; };
		4DF4965A1F07867A0029F961 /* .gitignore */ = {isa = PBXFileReference; fileEncoding = 4; lastKnownFileType = text; path = .gitignore; sourceTree = "<group>"; };
		4DF4965B1F07867A0029F961 /* UIView+AEBHandyAutoLayout.h */ = {isa = PBXFileReference; fileEncoding = 4; lastKnownFileType = sourcecode.c.h; path = "UIView+AEBHandyAutoLayout.h"; sourceTree = "<group>"; };
		4DF4965C1F07867A0029F961 /* UIView+AEBHandyAutoLayout.m */ = {isa = PBXFileReference; fileEncoding = 4; lastKnownFileType = sourcecode.c.objc; path = "UIView+AEBHandyAutoLayout.m"; sourceTree = "<group>"; };
		4DF4965D1F07867A0029F961 /* UIView+LayoutMethods.h */ = {isa = PBXFileReference; fileEncoding = 4; lastKnownFileType = sourcecode.c.h; path = "UIView+LayoutMethods.h"; sourceTree = "<group>"; };
		4DF4965E1F07867A0029F961 /* UIView+LayoutMethods.m */ = {isa = PBXFileReference; fileEncoding = 4; lastKnownFileType = sourcecode.c.objc; path = "UIView+LayoutMethods.m"; sourceTree = "<group>"; };
		4DFDFE2E1F09104D001719B1 /* MJRefreshAutoFooter.h */ = {isa = PBXFileReference; fileEncoding = 4; lastKnownFileType = sourcecode.c.h; path = MJRefreshAutoFooter.h; sourceTree = "<group>"; };
		4DFDFE2F1F09104D001719B1 /* MJRefreshAutoFooter.m */ = {isa = PBXFileReference; fileEncoding = 4; lastKnownFileType = sourcecode.c.objc; path = MJRefreshAutoFooter.m; sourceTree = "<group>"; };
		4DFDFE301F09104D001719B1 /* MJRefreshBackFooter.h */ = {isa = PBXFileReference; fileEncoding = 4; lastKnownFileType = sourcecode.c.h; path = MJRefreshBackFooter.h; sourceTree = "<group>"; };
		4DFDFE311F09104D001719B1 /* MJRefreshBackFooter.m */ = {isa = PBXFileReference; fileEncoding = 4; lastKnownFileType = sourcecode.c.objc; path = MJRefreshBackFooter.m; sourceTree = "<group>"; };
		4DFDFE321F09104D001719B1 /* MJRefreshComponent.h */ = {isa = PBXFileReference; fileEncoding = 4; lastKnownFileType = sourcecode.c.h; path = MJRefreshComponent.h; sourceTree = "<group>"; };
		4DFDFE331F09104D001719B1 /* MJRefreshComponent.m */ = {isa = PBXFileReference; fileEncoding = 4; lastKnownFileType = sourcecode.c.objc; path = MJRefreshComponent.m; sourceTree = "<group>"; };
		4DFDFE341F09104D001719B1 /* MJRefreshFooter.h */ = {isa = PBXFileReference; fileEncoding = 4; lastKnownFileType = sourcecode.c.h; path = MJRefreshFooter.h; sourceTree = "<group>"; };
		4DFDFE351F09104D001719B1 /* MJRefreshFooter.m */ = {isa = PBXFileReference; fileEncoding = 4; lastKnownFileType = sourcecode.c.objc; path = MJRefreshFooter.m; sourceTree = "<group>"; };
		4DFDFE361F09104D001719B1 /* MJRefreshHeader.h */ = {isa = PBXFileReference; fileEncoding = 4; lastKnownFileType = sourcecode.c.h; path = MJRefreshHeader.h; sourceTree = "<group>"; };
		4DFDFE371F09104D001719B1 /* MJRefreshHeader.m */ = {isa = PBXFileReference; fileEncoding = 4; lastKnownFileType = sourcecode.c.objc; path = MJRefreshHeader.m; sourceTree = "<group>"; };
		4DFDFE3B1F09104D001719B1 /* MJRefreshAutoGifFooter.h */ = {isa = PBXFileReference; fileEncoding = 4; lastKnownFileType = sourcecode.c.h; path = MJRefreshAutoGifFooter.h; sourceTree = "<group>"; };
		4DFDFE3C1F09104D001719B1 /* MJRefreshAutoGifFooter.m */ = {isa = PBXFileReference; fileEncoding = 4; lastKnownFileType = sourcecode.c.objc; path = MJRefreshAutoGifFooter.m; sourceTree = "<group>"; };
		4DFDFE3D1F09104D001719B1 /* MJRefreshAutoNormalFooter.h */ = {isa = PBXFileReference; fileEncoding = 4; lastKnownFileType = sourcecode.c.h; path = MJRefreshAutoNormalFooter.h; sourceTree = "<group>"; };
		4DFDFE3E1F09104D001719B1 /* MJRefreshAutoNormalFooter.m */ = {isa = PBXFileReference; fileEncoding = 4; lastKnownFileType = sourcecode.c.objc; path = MJRefreshAutoNormalFooter.m; sourceTree = "<group>"; };
		4DFDFE3F1F09104D001719B1 /* MJRefreshAutoStateFooter.h */ = {isa = PBXFileReference; fileEncoding = 4; lastKnownFileType = sourcecode.c.h; path = MJRefreshAutoStateFooter.h; sourceTree = "<group>"; };
		4DFDFE401F09104D001719B1 /* MJRefreshAutoStateFooter.m */ = {isa = PBXFileReference; fileEncoding = 4; lastKnownFileType = sourcecode.c.objc; path = MJRefreshAutoStateFooter.m; sourceTree = "<group>"; };
		4DFDFE421F09104D001719B1 /* MJRefreshBackGifFooter.h */ = {isa = PBXFileReference; fileEncoding = 4; lastKnownFileType = sourcecode.c.h; path = MJRefreshBackGifFooter.h; sourceTree = "<group>"; };
		4DFDFE431F09104D001719B1 /* MJRefreshBackGifFooter.m */ = {isa = PBXFileReference; fileEncoding = 4; lastKnownFileType = sourcecode.c.objc; path = MJRefreshBackGifFooter.m; sourceTree = "<group>"; };
		4DFDFE441F09104D001719B1 /* MJRefreshBackNormalFooter.h */ = {isa = PBXFileReference; fileEncoding = 4; lastKnownFileType = sourcecode.c.h; path = MJRefreshBackNormalFooter.h; sourceTree = "<group>"; };
		4DFDFE451F09104D001719B1 /* MJRefreshBackNormalFooter.m */ = {isa = PBXFileReference; fileEncoding = 4; lastKnownFileType = sourcecode.c.objc; path = MJRefreshBackNormalFooter.m; sourceTree = "<group>"; };
		4DFDFE461F09104D001719B1 /* MJRefreshBackStateFooter.h */ = {isa = PBXFileReference; fileEncoding = 4; lastKnownFileType = sourcecode.c.h; path = MJRefreshBackStateFooter.h; sourceTree = "<group>"; };
		4DFDFE471F09104D001719B1 /* MJRefreshBackStateFooter.m */ = {isa = PBXFileReference; fileEncoding = 4; lastKnownFileType = sourcecode.c.objc; path = MJRefreshBackStateFooter.m; sourceTree = "<group>"; };
		4DFDFE491F09104D001719B1 /* MJRefreshGifHeader.h */ = {isa = PBXFileReference; fileEncoding = 4; lastKnownFileType = sourcecode.c.h; path = MJRefreshGifHeader.h; sourceTree = "<group>"; };
		4DFDFE4A1F09104D001719B1 /* MJRefreshGifHeader.m */ = {isa = PBXFileReference; fileEncoding = 4; lastKnownFileType = sourcecode.c.objc; path = MJRefreshGifHeader.m; sourceTree = "<group>"; };
		4DFDFE4B1F09104D001719B1 /* MJRefreshNormalHeader.h */ = {isa = PBXFileReference; fileEncoding = 4; lastKnownFileType = sourcecode.c.h; path = MJRefreshNormalHeader.h; sourceTree = "<group>"; };
		4DFDFE4C1F09104D001719B1 /* MJRefreshNormalHeader.m */ = {isa = PBXFileReference; fileEncoding = 4; lastKnownFileType = sourcecode.c.objc; path = MJRefreshNormalHeader.m; sourceTree = "<group>"; };
		4DFDFE4D1F09104D001719B1 /* MJRefreshStateHeader.h */ = {isa = PBXFileReference; fileEncoding = 4; lastKnownFileType = sourcecode.c.h; path = MJRefreshStateHeader.h; sourceTree = "<group>"; };
		4DFDFE4E1F09104D001719B1 /* MJRefreshStateHeader.m */ = {isa = PBXFileReference; fileEncoding = 4; lastKnownFileType = sourcecode.c.objc; path = MJRefreshStateHeader.m; sourceTree = "<group>"; };
		4DFDFE4F1F09104D001719B1 /* MJRefresh.bundle */ = {isa = PBXFileReference; lastKnownFileType = "wrapper.plug-in"; path = MJRefresh.bundle; sourceTree = "<group>"; };
		4DFDFE501F09104D001719B1 /* MJRefresh.h */ = {isa = PBXFileReference; fileEncoding = 4; lastKnownFileType = sourcecode.c.h; path = MJRefresh.h; sourceTree = "<group>"; };
		4DFDFE511F09104D001719B1 /* MJRefreshConst.h */ = {isa = PBXFileReference; fileEncoding = 4; lastKnownFileType = sourcecode.c.h; path = MJRefreshConst.h; sourceTree = "<group>"; };
		4DFDFE521F09104D001719B1 /* MJRefreshConst.m */ = {isa = PBXFileReference; fileEncoding = 4; lastKnownFileType = sourcecode.c.objc; path = MJRefreshConst.m; sourceTree = "<group>"; };
		4DFDFE531F09104D001719B1 /* NSBundle+MJRefresh.h */ = {isa = PBXFileReference; fileEncoding = 4; lastKnownFileType = sourcecode.c.h; path = "NSBundle+MJRefresh.h"; sourceTree = "<group>"; };
		4DFDFE541F09104D001719B1 /* NSBundle+MJRefresh.m */ = {isa = PBXFileReference; fileEncoding = 4; lastKnownFileType = sourcecode.c.objc; path = "NSBundle+MJRefresh.m"; sourceTree = "<group>"; };
		4DFDFE551F09104D001719B1 /* UIScrollView+MJExtension.h */ = {isa = PBXFileReference; fileEncoding = 4; lastKnownFileType = sourcecode.c.h; path = "UIScrollView+MJExtension.h"; sourceTree = "<group>"; };
		4DFDFE561F09104D001719B1 /* UIScrollView+MJExtension.m */ = {isa = PBXFileReference; fileEncoding = 4; lastKnownFileType = sourcecode.c.objc; path = "UIScrollView+MJExtension.m"; sourceTree = "<group>"; };
		4DFDFE571F09104D001719B1 /* UIScrollView+MJRefresh.h */ = {isa = PBXFileReference; fileEncoding = 4; lastKnownFileType = sourcecode.c.h; path = "UIScrollView+MJRefresh.h"; sourceTree = "<group>"; };
		4DFDFE581F09104D001719B1 /* UIScrollView+MJRefresh.m */ = {isa = PBXFileReference; fileEncoding = 4; lastKnownFileType = sourcecode.c.objc; path = "UIScrollView+MJRefresh.m"; sourceTree = "<group>"; };
		4DFDFE591F09104D001719B1 /* UIView+MJExtension.h */ = {isa = PBXFileReference; fileEncoding = 4; lastKnownFileType = sourcecode.c.h; path = "UIView+MJExtension.h"; sourceTree = "<group>"; };
		4DFDFE5A1F09104D001719B1 /* UIView+MJExtension.m */ = {isa = PBXFileReference; fileEncoding = 4; lastKnownFileType = sourcecode.c.objc; path = "UIView+MJExtension.m"; sourceTree = "<group>"; };
		4DFDFE701F09285A001719B1 /* AFHTTPSessionManager.h */ = {isa = PBXFileReference; fileEncoding = 4; lastKnownFileType = sourcecode.c.h; path = AFHTTPSessionManager.h; sourceTree = "<group>"; };
		4DFDFE711F09285A001719B1 /* AFHTTPSessionManager.m */ = {isa = PBXFileReference; fileEncoding = 4; lastKnownFileType = sourcecode.c.objc; path = AFHTTPSessionManager.m; sourceTree = "<group>"; };
		4DFDFE721F09285A001719B1 /* AFNetworking.h */ = {isa = PBXFileReference; fileEncoding = 4; lastKnownFileType = sourcecode.c.h; path = AFNetworking.h; sourceTree = "<group>"; };
		4DFDFE731F09285A001719B1 /* AFNetworkReachabilityManager.h */ = {isa = PBXFileReference; fileEncoding = 4; lastKnownFileType = sourcecode.c.h; path = AFNetworkReachabilityManager.h; sourceTree = "<group>"; };
		4DFDFE741F09285A001719B1 /* AFNetworkReachabilityManager.m */ = {isa = PBXFileReference; fileEncoding = 4; lastKnownFileType = sourcecode.c.objc; path = AFNetworkReachabilityManager.m; sourceTree = "<group>"; };
		4DFDFE751F09285A001719B1 /* AFSecurityPolicy.h */ = {isa = PBXFileReference; fileEncoding = 4; lastKnownFileType = sourcecode.c.h; path = AFSecurityPolicy.h; sourceTree = "<group>"; };
		4DFDFE761F09285A001719B1 /* AFSecurityPolicy.m */ = {isa = PBXFileReference; fileEncoding = 4; lastKnownFileType = sourcecode.c.objc; path = AFSecurityPolicy.m; sourceTree = "<group>"; };
		4DFDFE771F09285A001719B1 /* AFURLRequestSerialization.h */ = {isa = PBXFileReference; fileEncoding = 4; lastKnownFileType = sourcecode.c.h; path = AFURLRequestSerialization.h; sourceTree = "<group>"; };
		4DFDFE781F09285A001719B1 /* AFURLRequestSerialization.m */ = {isa = PBXFileReference; fileEncoding = 4; lastKnownFileType = sourcecode.c.objc; path = AFURLRequestSerialization.m; sourceTree = "<group>"; };
		4DFDFE791F09285A001719B1 /* AFURLResponseSerialization.h */ = {isa = PBXFileReference; fileEncoding = 4; lastKnownFileType = sourcecode.c.h; path = AFURLResponseSerialization.h; sourceTree = "<group>"; };
		4DFDFE7A1F09285A001719B1 /* AFURLResponseSerialization.m */ = {isa = PBXFileReference; fileEncoding = 4; lastKnownFileType = sourcecode.c.objc; path = AFURLResponseSerialization.m; sourceTree = "<group>"; };
		4DFDFE7B1F09285A001719B1 /* AFURLSessionManager.h */ = {isa = PBXFileReference; fileEncoding = 4; lastKnownFileType = sourcecode.c.h; path = AFURLSessionManager.h; sourceTree = "<group>"; };
		4DFDFE7C1F09285A001719B1 /* AFURLSessionManager.m */ = {isa = PBXFileReference; fileEncoding = 4; lastKnownFileType = sourcecode.c.objc; path = AFURLSessionManager.m; sourceTree = "<group>"; };
		4DFDFE841F09286C001719B1 /* Info.plist */ = {isa = PBXFileReference; fileEncoding = 4; lastKnownFileType = text.plist.xml; path = Info.plist; sourceTree = "<group>"; };
		4DFDFE851F09286C001719B1 /* MJExtension.h */ = {isa = PBXFileReference; fileEncoding = 4; lastKnownFileType = sourcecode.c.h; path = MJExtension.h; sourceTree = "<group>"; };
		4DFDFE861F09286C001719B1 /* MJExtensionConst.h */ = {isa = PBXFileReference; fileEncoding = 4; lastKnownFileType = sourcecode.c.h; path = MJExtensionConst.h; sourceTree = "<group>"; };
		4DFDFE871F09286C001719B1 /* MJExtensionConst.m */ = {isa = PBXFileReference; fileEncoding = 4; lastKnownFileType = sourcecode.c.objc; path = MJExtensionConst.m; sourceTree = "<group>"; };
		4DFDFE881F09286C001719B1 /* MJFoundation.h */ = {isa = PBXFileReference; fileEncoding = 4; lastKnownFileType = sourcecode.c.h; path = MJFoundation.h; sourceTree = "<group>"; };
		4DFDFE891F09286C001719B1 /* MJFoundation.m */ = {isa = PBXFileReference; fileEncoding = 4; lastKnownFileType = sourcecode.c.objc; path = MJFoundation.m; sourceTree = "<group>"; };
		4DFDFE8A1F09286C001719B1 /* MJProperty.h */ = {isa = PBXFileReference; fileEncoding = 4; lastKnownFileType = sourcecode.c.h; path = MJProperty.h; sourceTree = "<group>"; };
		4DFDFE8B1F09286C001719B1 /* MJProperty.m */ = {isa = PBXFileReference; fileEncoding = 4; lastKnownFileType = sourcecode.c.objc; path = MJProperty.m; sourceTree = "<group>"; };
		4DFDFE8C1F09286C001719B1 /* MJPropertyKey.h */ = {isa = PBXFileReference; fileEncoding = 4; lastKnownFileType = sourcecode.c.h; path = MJPropertyKey.h; sourceTree = "<group>"; };
		4DFDFE8D1F09286C001719B1 /* MJPropertyKey.m */ = {isa = PBXFileReference; fileEncoding = 4; lastKnownFileType = sourcecode.c.objc; path = MJPropertyKey.m; sourceTree = "<group>"; };
		4DFDFE8E1F09286C001719B1 /* MJPropertyType.h */ = {isa = PBXFileReference; fileEncoding = 4; lastKnownFileType = sourcecode.c.h; path = MJPropertyType.h; sourceTree = "<group>"; };
		4DFDFE8F1F09286C001719B1 /* MJPropertyType.m */ = {isa = PBXFileReference; fileEncoding = 4; lastKnownFileType = sourcecode.c.objc; path = MJPropertyType.m; sourceTree = "<group>"; };
		4DFDFE901F09286C001719B1 /* NSObject+MJClass.h */ = {isa = PBXFileReference; fileEncoding = 4; lastKnownFileType = sourcecode.c.h; path = "NSObject+MJClass.h"; sourceTree = "<group>"; };
		4DFDFE911F09286C001719B1 /* NSObject+MJClass.m */ = {isa = PBXFileReference; fileEncoding = 4; lastKnownFileType = sourcecode.c.objc; path = "NSObject+MJClass.m"; sourceTree = "<group>"; };
		4DFDFE921F09286C001719B1 /* NSObject+MJCoding.h */ = {isa = PBXFileReference; fileEncoding = 4; lastKnownFileType = sourcecode.c.h; path = "NSObject+MJCoding.h"; sourceTree = "<group>"; };
		4DFDFE931F09286C001719B1 /* NSObject+MJCoding.m */ = {isa = PBXFileReference; fileEncoding = 4; lastKnownFileType = sourcecode.c.objc; path = "NSObject+MJCoding.m"; sourceTree = "<group>"; };
		4DFDFE941F09286C001719B1 /* NSObject+MJKeyValue.h */ = {isa = PBXFileReference; fileEncoding = 4; lastKnownFileType = sourcecode.c.h; path = "NSObject+MJKeyValue.h"; sourceTree = "<group>"; };
		4DFDFE951F09286C001719B1 /* NSObject+MJKeyValue.m */ = {isa = PBXFileReference; fileEncoding = 4; lastKnownFileType = sourcecode.c.objc; path = "NSObject+MJKeyValue.m"; sourceTree = "<group>"; };
		4DFDFE961F09286C001719B1 /* NSObject+MJProperty.h */ = {isa = PBXFileReference; fileEncoding = 4; lastKnownFileType = sourcecode.c.h; path = "NSObject+MJProperty.h"; sourceTree = "<group>"; };
		4DFDFE971F09286C001719B1 /* NSObject+MJProperty.m */ = {isa = PBXFileReference; fileEncoding = 4; lastKnownFileType = sourcecode.c.objc; path = "NSObject+MJProperty.m"; sourceTree = "<group>"; };
		4DFDFE981F09286C001719B1 /* NSString+MJExtension.h */ = {isa = PBXFileReference; fileEncoding = 4; lastKnownFileType = sourcecode.c.h; path = "NSString+MJExtension.h"; sourceTree = "<group>"; };
		4DFDFE991F09286C001719B1 /* NSString+MJExtension.m */ = {isa = PBXFileReference; fileEncoding = 4; lastKnownFileType = sourcecode.c.objc; path = "NSString+MJExtension.m"; sourceTree = "<group>"; };
		4DFDFEA91F092881001719B1 /* MKAnnotationView+WebCache.h */ = {isa = PBXFileReference; fileEncoding = 4; lastKnownFileType = sourcecode.c.h; path = "MKAnnotationView+WebCache.h"; sourceTree = "<group>"; };
		4DFDFEAA1F092881001719B1 /* MKAnnotationView+WebCache.m */ = {isa = PBXFileReference; fileEncoding = 4; lastKnownFileType = sourcecode.c.objc; path = "MKAnnotationView+WebCache.m"; sourceTree = "<group>"; };
		4DFDFEAB1F092881001719B1 /* NSData+ImageContentType.h */ = {isa = PBXFileReference; fileEncoding = 4; lastKnownFileType = sourcecode.c.h; path = "NSData+ImageContentType.h"; sourceTree = "<group>"; };
		4DFDFEAC1F092881001719B1 /* NSData+ImageContentType.m */ = {isa = PBXFileReference; fileEncoding = 4; lastKnownFileType = sourcecode.c.objc; path = "NSData+ImageContentType.m"; sourceTree = "<group>"; };
		4DFDFEAD1F092881001719B1 /* NSImage+WebCache.h */ = {isa = PBXFileReference; fileEncoding = 4; lastKnownFileType = sourcecode.c.h; path = "NSImage+WebCache.h"; sourceTree = "<group>"; };
		4DFDFEAE1F092881001719B1 /* NSImage+WebCache.m */ = {isa = PBXFileReference; fileEncoding = 4; lastKnownFileType = sourcecode.c.objc; path = "NSImage+WebCache.m"; sourceTree = "<group>"; };
		4DFDFEAF1F092881001719B1 /* SDImageCache.h */ = {isa = PBXFileReference; fileEncoding = 4; lastKnownFileType = sourcecode.c.h; path = SDImageCache.h; sourceTree = "<group>"; };
		4DFDFEB01F092881001719B1 /* SDImageCache.m */ = {isa = PBXFileReference; fileEncoding = 4; lastKnownFileType = sourcecode.c.objc; path = SDImageCache.m; sourceTree = "<group>"; };
		4DFDFEB11F092881001719B1 /* SDImageCacheConfig.h */ = {isa = PBXFileReference; fileEncoding = 4; lastKnownFileType = sourcecode.c.h; path = SDImageCacheConfig.h; sourceTree = "<group>"; };
		4DFDFEB21F092881001719B1 /* SDImageCacheConfig.m */ = {isa = PBXFileReference; fileEncoding = 4; lastKnownFileType = sourcecode.c.objc; path = SDImageCacheConfig.m; sourceTree = "<group>"; };
		4DFDFEB31F092881001719B1 /* SDWebImageCompat.h */ = {isa = PBXFileReference; fileEncoding = 4; lastKnownFileType = sourcecode.c.h; path = SDWebImageCompat.h; sourceTree = "<group>"; };
		4DFDFEB41F092881001719B1 /* SDWebImageCompat.m */ = {isa = PBXFileReference; fileEncoding = 4; lastKnownFileType = sourcecode.c.objc; path = SDWebImageCompat.m; sourceTree = "<group>"; };
		4DFDFEB51F092881001719B1 /* SDWebImageDecoder.h */ = {isa = PBXFileReference; fileEncoding = 4; lastKnownFileType = sourcecode.c.h; path = SDWebImageDecoder.h; sourceTree = "<group>"; };
		4DFDFEB61F092881001719B1 /* SDWebImageDecoder.m */ = {isa = PBXFileReference; fileEncoding = 4; lastKnownFileType = sourcecode.c.objc; path = SDWebImageDecoder.m; sourceTree = "<group>"; };
		4DFDFEB71F092881001719B1 /* SDWebImageDownloader.h */ = {isa = PBXFileReference; fileEncoding = 4; lastKnownFileType = sourcecode.c.h; path = SDWebImageDownloader.h; sourceTree = "<group>"; };
		4DFDFEB81F092881001719B1 /* SDWebImageDownloader.m */ = {isa = PBXFileReference; fileEncoding = 4; lastKnownFileType = sourcecode.c.objc; path = SDWebImageDownloader.m; sourceTree = "<group>"; };
		4DFDFEB91F092881001719B1 /* SDWebImageDownloaderOperation.h */ = {isa = PBXFileReference; fileEncoding = 4; lastKnownFileType = sourcecode.c.h; path = SDWebImageDownloaderOperation.h; sourceTree = "<group>"; };
		4DFDFEBA1F092881001719B1 /* SDWebImageDownloaderOperation.m */ = {isa = PBXFileReference; fileEncoding = 4; lastKnownFileType = sourcecode.c.objc; path = SDWebImageDownloaderOperation.m; sourceTree = "<group>"; };
		4DFDFEBB1F092881001719B1 /* SDWebImageManager.h */ = {isa = PBXFileReference; fileEncoding = 4; lastKnownFileType = sourcecode.c.h; path = SDWebImageManager.h; sourceTree = "<group>"; };
		4DFDFEBC1F092881001719B1 /* SDWebImageManager.m */ = {isa = PBXFileReference; fileEncoding = 4; lastKnownFileType = sourcecode.c.objc; path = SDWebImageManager.m; sourceTree = "<group>"; };
		4DFDFEBD1F092881001719B1 /* SDWebImageOperation.h */ = {isa = PBXFileReference; fileEncoding = 4; lastKnownFileType = sourcecode.c.h; path = SDWebImageOperation.h; sourceTree = "<group>"; };
		4DFDFEBE1F092881001719B1 /* SDWebImagePrefetcher.h */ = {isa = PBXFileReference; fileEncoding = 4; lastKnownFileType = sourcecode.c.h; path = SDWebImagePrefetcher.h; sourceTree = "<group>"; };
		4DFDFEBF1F092881001719B1 /* SDWebImagePrefetcher.m */ = {isa = PBXFileReference; fileEncoding = 4; lastKnownFileType = sourcecode.c.objc; path = SDWebImagePrefetcher.m; sourceTree = "<group>"; };
		4DFDFEC01F092881001719B1 /* UIButton+WebCache.h */ = {isa = PBXFileReference; fileEncoding = 4; lastKnownFileType = sourcecode.c.h; path = "UIButton+WebCache.h"; sourceTree = "<group>"; };
		4DFDFEC11F092881001719B1 /* UIButton+WebCache.m */ = {isa = PBXFileReference; fileEncoding = 4; lastKnownFileType = sourcecode.c.objc; path = "UIButton+WebCache.m"; sourceTree = "<group>"; };
		4DFDFEC21F092881001719B1 /* UIImage+GIF.h */ = {isa = PBXFileReference; fileEncoding = 4; lastKnownFileType = sourcecode.c.h; path = "UIImage+GIF.h"; sourceTree = "<group>"; };
		4DFDFEC31F092881001719B1 /* UIImage+GIF.m */ = {isa = PBXFileReference; fileEncoding = 4; lastKnownFileType = sourcecode.c.objc; path = "UIImage+GIF.m"; sourceTree = "<group>"; };
		4DFDFEC41F092881001719B1 /* UIImage+MultiFormat.h */ = {isa = PBXFileReference; fileEncoding = 4; lastKnownFileType = sourcecode.c.h; path = "UIImage+MultiFormat.h"; sourceTree = "<group>"; };
		4DFDFEC51F092881001719B1 /* UIImage+MultiFormat.m */ = {isa = PBXFileReference; fileEncoding = 4; lastKnownFileType = sourcecode.c.objc; path = "UIImage+MultiFormat.m"; sourceTree = "<group>"; };
		4DFDFEC61F092881001719B1 /* UIImage+WebP.h */ = {isa = PBXFileReference; fileEncoding = 4; lastKnownFileType = sourcecode.c.h; path = "UIImage+WebP.h"; sourceTree = "<group>"; };
		4DFDFEC71F092881001719B1 /* UIImage+WebP.m */ = {isa = PBXFileReference; fileEncoding = 4; lastKnownFileType = sourcecode.c.objc; path = "UIImage+WebP.m"; sourceTree = "<group>"; };
		4DFDFEC81F092881001719B1 /* UIImageView+HighlightedWebCache.h */ = {isa = PBXFileReference; fileEncoding = 4; lastKnownFileType = sourcecode.c.h; path = "UIImageView+HighlightedWebCache.h"; sourceTree = "<group>"; };
		4DFDFEC91F092881001719B1 /* UIImageView+HighlightedWebCache.m */ = {isa = PBXFileReference; fileEncoding = 4; lastKnownFileType = sourcecode.c.objc; path = "UIImageView+HighlightedWebCache.m"; sourceTree = "<group>"; };
		4DFDFECA1F092881001719B1 /* UIImageView+WebCache.h */ = {isa = PBXFileReference; fileEncoding = 4; lastKnownFileType = sourcecode.c.h; path = "UIImageView+WebCache.h"; sourceTree = "<group>"; };
		4DFDFECB1F092881001719B1 /* UIImageView+WebCache.m */ = {isa = PBXFileReference; fileEncoding = 4; lastKnownFileType = sourcecode.c.objc; path = "UIImageView+WebCache.m"; sourceTree = "<group>"; };
		4DFDFECC1F092881001719B1 /* UIView+WebCache.h */ = {isa = PBXFileReference; fileEncoding = 4; lastKnownFileType = sourcecode.c.h; path = "UIView+WebCache.h"; sourceTree = "<group>"; };
		4DFDFECD1F092881001719B1 /* UIView+WebCache.m */ = {isa = PBXFileReference; fileEncoding = 4; lastKnownFileType = sourcecode.c.objc; path = "UIView+WebCache.m"; sourceTree = "<group>"; };
		4DFDFECE1F092881001719B1 /* UIView+WebCacheOperation.h */ = {isa = PBXFileReference; fileEncoding = 4; lastKnownFileType = sourcecode.c.h; path = "UIView+WebCacheOperation.h"; sourceTree = "<group>"; };
		4DFDFECF1F092881001719B1 /* UIView+WebCacheOperation.m */ = {isa = PBXFileReference; fileEncoding = 4; lastKnownFileType = sourcecode.c.objc; path = "UIView+WebCacheOperation.m"; sourceTree = "<group>"; };
		B628235D1F0BF0CE0042323B /* iconfont.ttf */ = {isa = PBXFileReference; lastKnownFileType = file; path = iconfont.ttf; sourceTree = "<group>"; };
/* End PBXFileReference section */

/* Begin PBXFrameworksBuildPhase section */
		4DF495D91F077F120029F961 /* Frameworks */ = {
			isa = PBXFrameworksBuildPhase;
			buildActionMask = 2147483647;
			files = (
			);
			runOnlyForDeploymentPostprocessing = 0;
		};
		4DF495F21F077F120029F961 /* Frameworks */ = {
			isa = PBXFrameworksBuildPhase;
			buildActionMask = 2147483647;
			files = (
			);
			runOnlyForDeploymentPostprocessing = 0;
		};
		4DF495FD1F077F120029F961 /* Frameworks */ = {
			isa = PBXFrameworksBuildPhase;
			buildActionMask = 2147483647;
			files = (
			);
			runOnlyForDeploymentPostprocessing = 0;
		};
/* End PBXFrameworksBuildPhase section */

/* Begin PBXGroup section */
		4D4B7DCB1F093D5C00789943 /* NetWorkTool */ = {
			isa = PBXGroup;
			children = (
				4D4B7DE61F0A5A6100789943 /* XJNetService.h */,
				4D4B7DE31F0A597900789943 /* XJNetApiManager.h */,
				4D4B7DE41F0A597900789943 /* XJNetApiManager.m */,
				4D4B7DCC1F0948A400789943 /* XJNetWorkClient.h */,
				4D4B7DCD1F0948A400789943 /* XJNetWorkClient.m */,
				4D4B7DD91F0950A700789943 /* Categary */,
			);
			path = NetWorkTool;
			sourceTree = "<group>";
		};
		4D4B7DD21F094C1B00789943 /* MBProgressHUD */ = {
			isa = PBXGroup;
			children = (
				4D4B7DD31F094C2500789943 /* MBProgressHUD.h */,
				4D4B7DD41F094C2500789943 /* MBProgressHUD.m */,
			);
			path = MBProgressHUD;
			sourceTree = "<group>";
		};
		4D4B7DD91F0950A700789943 /* Categary */ = {
			isa = PBXGroup;
			children = (
				4D4B7DDD1F0950F800789943 /* NSArray+NetworkingMethods.h */,
				4D4B7DDE1F0950F800789943 /* NSArray+NetworkingMethods.m */,
				4D4B7DDA1F0950C000789943 /* NSDictionary+NetworkingMethods.h */,
				4D4B7DDB1F0950C000789943 /* NSDictionary+NetworkingMethods.m */,
			);
			path = Categary;
			sourceTree = "<group>";
		};
		4DB5DA3A1F078C5B00D00828 /* ZJScrollPageView */ = {
			isa = PBXGroup;
			children = (
				4DB5DA3B1F078C5B00D00828 /* UIView+ZJFrame.h */,
				4DB5DA3C1F078C5B00D00828 /* UIView+ZJFrame.m */,
				4DB5DA3D1F078C5B00D00828 /* UIViewController+ZJScrollPageController.h */,
				4DB5DA3E1F078C5B00D00828 /* UIViewController+ZJScrollPageController.m */,
				4DB5DA3F1F078C5B00D00828 /* ZJCollectionView.h */,
				4DB5DA401F078C5B00D00828 /* ZJCollectionView.m */,
				4DB5DA411F078C5B00D00828 /* ZJContentView.h */,
				4DB5DA421F078C5B00D00828 /* ZJContentView.m */,
				4DB5DA431F078C5B00D00828 /* ZJScrollPageView.h */,
				4DB5DA441F078C5B00D00828 /* ZJScrollPageView.m */,
				4DB5DA451F078C5B00D00828 /* ZJScrollPageViewDelegate.h */,
				4DB5DA461F078C5B00D00828 /* ZJScrollSegmentView.h */,
				4DB5DA471F078C5B00D00828 /* ZJScrollSegmentView.m */,
				4DB5DA481F078C5B00D00828 /* ZJSegmentStyle.h */,
				4DB5DA491F078C5B00D00828 /* ZJSegmentStyle.m */,
				4DB5DA4A1F078C5B00D00828 /* ZJTitleView.h */,
				4DB5DA4B1F078C5B00D00828 /* ZJTitleView.m */,
			);
			path = ZJScrollPageView;
			sourceTree = "<group>";
		};
		4DB5DA541F078ECD00D00828 /* Follow */ = {
			isa = PBXGroup;
			children = (
				4DB5DA551F078ECD00D00828 /* Controller */,
			);
			path = Follow;
			sourceTree = "<group>";
		};
		4DB5DA551F078ECD00D00828 /* Controller */ = {
			isa = PBXGroup;
			children = (
				4DB5DA5A1F078EF400D00828 /* XJFollowViewController.h */,
				4DB5DA5B1F078EF400D00828 /* XJFollowViewController.m */,
			);
			path = Controller;
			sourceTree = "<group>";
		};
		4DB5DA561F078ECD00D00828 /* Hot */ = {
			isa = PBXGroup;
			children = (
				4DB5DA571F078ECD00D00828 /* Controller */,
			);
			path = Hot;
			sourceTree = "<group>";
		};
		4DB5DA571F078ECD00D00828 /* Controller */ = {
			isa = PBXGroup;
			children = (
				4DB5DA5D1F078F0E00D00828 /* XJHotViewController.h */,
				4DB5DA5E1F078F0E00D00828 /* XJHotViewController.m */,
			);
			path = Controller;
			sourceTree = "<group>";
		};
		4DB5DA581F078ECD00D00828 /* NewPerson */ = {
			isa = PBXGroup;
			children = (
				4DB5DA591F078ECD00D00828 /* Controller */,
			);
			path = NewPerson;
			sourceTree = "<group>";
		};
		4DB5DA591F078ECD00D00828 /* Controller */ = {
			isa = PBXGroup;
			children = (
				4DB5DA601F078F2500D00828 /* XJNewPersonViewController.h */,
				4DB5DA611F078F2500D00828 /* XJNewPersonViewController.m */,
			);
			path = Controller;
			sourceTree = "<group>";
		};
		4DF495D31F077F120029F961 = {
			isa = PBXGroup;
			children = (
				4DF495DE1F077F120029F961 /* xiangjiaopi */,
				4DF495F81F077F120029F961 /* xiangjiaopiTests */,
				4DF496031F077F120029F961 /* xiangjiaopiUITests */,
				4DF495DD1F077F120029F961 /* Products */,
			);
			sourceTree = "<group>";
		};
		4DF495DD1F077F120029F961 /* Products */ = {
			isa = PBXGroup;
			children = (
				4DF495DC1F077F120029F961 /* xiangjiaopi.app */,
				4DF495F51F077F120029F961 /* xiangjiaopiTests.xctest */,
				4DF496001F077F120029F961 /* xiangjiaopiUITests.xctest */,
			);
			name = Products;
			sourceTree = "<group>";
		};
		4DF495DE1F077F120029F961 /* xiangjiaopi */ = {
			isa = PBXGroup;
			children = (
				B628235A1F0BEDDC0042323B /* Resource */,
				4DF496351F07823D0029F961 /* Main */,
				4DF4961D1F0780FC0029F961 /* GirlPlay */,
				4DF496221F0780FC0029F961 /* Message */,
				4DF496271F0780FC0029F961 /* MyProfile */,
				4DF495E21F077F120029F961 /* AppDelegate.h */,
				4DF495E31F077F120029F961 /* AppDelegate.m */,
				4DF495E51F077F120029F961 /* ViewController.h */,
				4DF495E61F077F120029F961 /* ViewController.m */,
				4DF495E81F077F120029F961 /* Main.storyboard */,
				4DF495EB1F077F120029F961 /* Assets.xcassets */,
				4DF495ED1F077F120029F961 /* LaunchScreen.storyboard */,
				4DF495F01F077F120029F961 /* Info.plist */,
				4DF495DF1F077F120029F961 /* Supporting Files */,
			);
			path = xiangjiaopi;
			sourceTree = "<group>";
		};
		4DF495DF1F077F120029F961 /* Supporting Files */ = {
			isa = PBXGroup;
			children = (
				4DF496471F0783220029F961 /* PrefixHeader.pch */,
				4DF495E01F077F120029F961 /* main.m */,
			);
			name = "Supporting Files";
			sourceTree = "<group>";
		};
		4DF495F81F077F120029F961 /* xiangjiaopiTests */ = {
			isa = PBXGroup;
			children = (
				4DF495F91F077F120029F961 /* xiangjiaopiTests.m */,
				4DF495FB1F077F120029F961 /* Info.plist */,
			);
			path = xiangjiaopiTests;
			sourceTree = "<group>";
		};
		4DF496031F077F120029F961 /* xiangjiaopiUITests */ = {
			isa = PBXGroup;
			children = (
				4DF496041F077F120029F961 /* xiangjiaopiUITests.m */,
				4DF496061F077F120029F961 /* Info.plist */,
			);
			path = xiangjiaopiUITests;
			sourceTree = "<group>";
		};
		4DF4961D1F0780FC0029F961 /* GirlPlay */ = {
			isa = PBXGroup;
			children = (
				4DB5DA541F078ECD00D00828 /* Follow */,
				4DB5DA561F078ECD00D00828 /* Hot */,
				4DB5DA581F078ECD00D00828 /* NewPerson */,
				4DF4961E1F0780FC0029F961 /* Controller */,
				4DF4961F1F0780FC0029F961 /* Model */,
				4DF496201F0780FC0029F961 /* Tool */,
				4DF496211F0780FC0029F961 /* View */,
			);
			path = GirlPlay;
			sourceTree = "<group>";
		};
		4DF4961E1F0780FC0029F961 /* Controller */ = {
			isa = PBXGroup;
			children = (
				4DF4962C1F0781160029F961 /* XJGirlPlayViewController.h */,
				4DF4962D1F0781160029F961 /* XJGirlPlayViewController.m */,
			);
			path = Controller;
			sourceTree = "<group>";
		};
		4DF4961F1F0780FC0029F961 /* Model */ = {
			isa = PBXGroup;
			children = (
			);
			path = Model;
			sourceTree = "<group>";
		};
		4DF496201F0780FC0029F961 /* Tool */ = {
			isa = PBXGroup;
			children = (
			);
			path = Tool;
			sourceTree = "<group>";
		};
		4DF496211F0780FC0029F961 /* View */ = {
			isa = PBXGroup;
			children = (
			);
			path = View;
			sourceTree = "<group>";
		};
		4DF496221F0780FC0029F961 /* Message */ = {
			isa = PBXGroup;
			children = (
				4DF496231F0780FC0029F961 /* Controller */,
				4DF496241F0780FC0029F961 /* Model */,
				4DF496251F0780FC0029F961 /* Tool */,
				4DF496261F0780FC0029F961 /* View */,
			);
			path = Message;
			sourceTree = "<group>";
		};
		4DF496231F0780FC0029F961 /* Controller */ = {
			isa = PBXGroup;
			children = (
				4DF4962F1F07812B0029F961 /* XJMessageViewController.h */,
				4DF496301F07812B0029F961 /* XJMessageViewController.m */,
			);
			path = Controller;
			sourceTree = "<group>";
		};
		4DF496241F0780FC0029F961 /* Model */ = {
			isa = PBXGroup;
			children = (
			);
			path = Model;
			sourceTree = "<group>";
		};
		4DF496251F0780FC0029F961 /* Tool */ = {
			isa = PBXGroup;
			children = (
			);
			path = Tool;
			sourceTree = "<group>";
		};
		4DF496261F0780FC0029F961 /* View */ = {
			isa = PBXGroup;
			children = (
			);
			path = View;
			sourceTree = "<group>";
		};
		4DF496271F0780FC0029F961 /* MyProfile */ = {
			isa = PBXGroup;
			children = (
				4DF496281F0780FC0029F961 /* Controller */,
				4DF496291F0780FC0029F961 /* Model */,
				4DF4962A1F0780FC0029F961 /* Tool */,
				4DF4962B1F0780FC0029F961 /* View */,
			);
			path = MyProfile;
			sourceTree = "<group>";
		};
		4DF496281F0780FC0029F961 /* Controller */ = {
			isa = PBXGroup;
			children = (
				4DF496321F0781410029F961 /* XJMyProfileViewController.h */,
				4DF496331F0781410029F961 /* XJMyProfileViewController.m */,
			);
			path = Controller;
			sourceTree = "<group>";
		};
		4DF496291F0780FC0029F961 /* Model */ = {
			isa = PBXGroup;
			children = (
			);
			path = Model;
			sourceTree = "<group>";
		};
		4DF4962A1F0780FC0029F961 /* Tool */ = {
			isa = PBXGroup;
			children = (
			);
			path = Tool;
			sourceTree = "<group>";
		};
		4DF4962B1F0780FC0029F961 /* View */ = {
			isa = PBXGroup;
			children = (
			);
			path = View;
			sourceTree = "<group>";
		};
		4DF496351F07823D0029F961 /* Main */ = {
			isa = PBXGroup;
			children = (
				4D4B7DCB1F093D5C00789943 /* NetWorkTool */,
				4DF496581F0786440029F961 /* Lib */,
				4DF496431F0782B80029F961 /* Categary */,
				4DF4963C1F0782730029F961 /* Controller */,
			);
			path = Main;
			sourceTree = "<group>";
		};
		4DF4963C1F0782730029F961 /* Controller */ = {
			isa = PBXGroup;
			children = (
				4DF496481F07848E0029F961 /* KQUINavigationViewController.h */,
				4DF496491F07848E0029F961 /* KQUINavigationViewController.m */,
				4DF4963D1F0782730029F961 /* CMTabBarViewController.h */,
				4DF4963E1F0782730029F961 /* CMTabBarViewController.m */,
			);
			path = Controller;
			sourceTree = "<group>";
		};
		4DF496431F0782B80029F961 /* Categary */ = {
			isa = PBXGroup;
			children = (
				4D4B7DD61F094CED00789943 /* NSString+Additional.h */,
				4D4B7DD71F094CED00789943 /* NSString+Additional.m */,
				4D4B7DCF1F094AB600789943 /* NSObject+Additional.h */,
				4D4B7DD01F094AB600789943 /* NSObject+Additional.m */,
				4DF496571F0785AB0029F961 /* GTMDefines.h */,
				4DF496541F0785970029F961 /* GTMBase64.h */,
				4DF496551F0785970029F961 /* GTMBase64.m */,
				4DF496511F0785600029F961 /* NSData+CommonCrypto.h */,
				4DF496521F0785600029F961 /* NSData+CommonCrypto.m */,
				4DF4964E1F0785350029F961 /* NSString+Size.h */,
				4DF4964F1F0785350029F961 /* NSString+Size.m */,
				4DF4964B1F0784D90029F961 /* UIBarButtonItem+Extension.h */,
				4DF4964C1F0784D90029F961 /* UIBarButtonItem+Extension.m */,
				4DF496441F0782C70029F961 /* UIImage+Extension.h */,
				4DF496451F0782C70029F961 /* UIImage+Extension.m */,
			);
			path = Categary;
			sourceTree = "<group>";
		};
		4DF496581F0786440029F961 /* Lib */ = {
			isa = PBXGroup;
			children = (
				4D4B7DD21F094C1B00789943 /* MBProgressHUD */,
				4DFDFEA51F092881001719B1 /* SDWebImage */,
				4DFDFE831F09286C001719B1 /* MJExtension */,
				4DFDFE6F1F09285A001719B1 /* AFNetworking */,
				4DFDFE2C1F09104D001719B1 /* MJRefresh */,
				4DB5DA3A1F078C5B00D00828 /* ZJScrollPageView */,
				4DF496591F07867A0029F961 /* HandyAutoLayout */,
			);
			path = Lib;
			sourceTree = "<group>";
		};
		4DF496591F07867A0029F961 /* HandyAutoLayout */ = {
			isa = PBXGroup;
			children = (
				4DF4965A1F07867A0029F961 /* .gitignore */,
				4DF4965B1F07867A0029F961 /* UIView+AEBHandyAutoLayout.h */,
				4DF4965C1F07867A0029F961 /* UIView+AEBHandyAutoLayout.m */,
				4DF4965D1F07867A0029F961 /* UIView+LayoutMethods.h */,
				4DF4965E1F07867A0029F961 /* UIView+LayoutMethods.m */,
			);
			path = HandyAutoLayout;
			sourceTree = "<group>";
		};
		4DFDFE2C1F09104D001719B1 /* MJRefresh */ = {
			isa = PBXGroup;
			children = (
				4DFDFE2D1F09104D001719B1 /* Base */,
				4DFDFE381F09104D001719B1 /* Custom */,
				4DFDFE4F1F09104D001719B1 /* MJRefresh.bundle */,
				4DFDFE501F09104D001719B1 /* MJRefresh.h */,
				4DFDFE511F09104D001719B1 /* MJRefreshConst.h */,
				4DFDFE521F09104D001719B1 /* MJRefreshConst.m */,
				4DFDFE531F09104D001719B1 /* NSBundle+MJRefresh.h */,
				4DFDFE541F09104D001719B1 /* NSBundle+MJRefresh.m */,
				4DFDFE551F09104D001719B1 /* UIScrollView+MJExtension.h */,
				4DFDFE561F09104D001719B1 /* UIScrollView+MJExtension.m */,
				4DFDFE571F09104D001719B1 /* UIScrollView+MJRefresh.h */,
				4DFDFE581F09104D001719B1 /* UIScrollView+MJRefresh.m */,
				4DFDFE591F09104D001719B1 /* UIView+MJExtension.h */,
				4DFDFE5A1F09104D001719B1 /* UIView+MJExtension.m */,
			);
			path = MJRefresh;
			sourceTree = "<group>";
		};
		4DFDFE2D1F09104D001719B1 /* Base */ = {
			isa = PBXGroup;
			children = (
				4DFDFE2E1F09104D001719B1 /* MJRefreshAutoFooter.h */,
				4DFDFE2F1F09104D001719B1 /* MJRefreshAutoFooter.m */,
				4DFDFE301F09104D001719B1 /* MJRefreshBackFooter.h */,
				4DFDFE311F09104D001719B1 /* MJRefreshBackFooter.m */,
				4DFDFE321F09104D001719B1 /* MJRefreshComponent.h */,
				4DFDFE331F09104D001719B1 /* MJRefreshComponent.m */,
				4DFDFE341F09104D001719B1 /* MJRefreshFooter.h */,
				4DFDFE351F09104D001719B1 /* MJRefreshFooter.m */,
				4DFDFE361F09104D001719B1 /* MJRefreshHeader.h */,
				4DFDFE371F09104D001719B1 /* MJRefreshHeader.m */,
			);
			path = Base;
			sourceTree = "<group>";
		};
		4DFDFE381F09104D001719B1 /* Custom */ = {
			isa = PBXGroup;
			children = (
				4DFDFE391F09104D001719B1 /* Footer */,
				4DFDFE481F09104D001719B1 /* Header */,
			);
			path = Custom;
			sourceTree = "<group>";
		};
		4DFDFE391F09104D001719B1 /* Footer */ = {
			isa = PBXGroup;
			children = (
				4DFDFE3A1F09104D001719B1 /* Auto */,
				4DFDFE411F09104D001719B1 /* Back */,
			);
			path = Footer;
			sourceTree = "<group>";
		};
		4DFDFE3A1F09104D001719B1 /* Auto */ = {
			isa = PBXGroup;
			children = (
				4DFDFE3B1F09104D001719B1 /* MJRefreshAutoGifFooter.h */,
				4DFDFE3C1F09104D001719B1 /* MJRefreshAutoGifFooter.m */,
				4DFDFE3D1F09104D001719B1 /* MJRefreshAutoNormalFooter.h */,
				4DFDFE3E1F09104D001719B1 /* MJRefreshAutoNormalFooter.m */,
				4DFDFE3F1F09104D001719B1 /* MJRefreshAutoStateFooter.h */,
				4DFDFE401F09104D001719B1 /* MJRefreshAutoStateFooter.m */,
			);
			path = Auto;
			sourceTree = "<group>";
		};
		4DFDFE411F09104D001719B1 /* Back */ = {
			isa = PBXGroup;
			children = (
				4DFDFE421F09104D001719B1 /* MJRefreshBackGifFooter.h */,
				4DFDFE431F09104D001719B1 /* MJRefreshBackGifFooter.m */,
				4DFDFE441F09104D001719B1 /* MJRefreshBackNormalFooter.h */,
				4DFDFE451F09104D001719B1 /* MJRefreshBackNormalFooter.m */,
				4DFDFE461F09104D001719B1 /* MJRefreshBackStateFooter.h */,
				4DFDFE471F09104D001719B1 /* MJRefreshBackStateFooter.m */,
			);
			path = Back;
			sourceTree = "<group>";
		};
		4DFDFE481F09104D001719B1 /* Header */ = {
			isa = PBXGroup;
			children = (
				4DFDFE491F09104D001719B1 /* MJRefreshGifHeader.h */,
				4DFDFE4A1F09104D001719B1 /* MJRefreshGifHeader.m */,
				4DFDFE4B1F09104D001719B1 /* MJRefreshNormalHeader.h */,
				4DFDFE4C1F09104D001719B1 /* MJRefreshNormalHeader.m */,
				4DFDFE4D1F09104D001719B1 /* MJRefreshStateHeader.h */,
				4DFDFE4E1F09104D001719B1 /* MJRefreshStateHeader.m */,
			);
			path = Header;
			sourceTree = "<group>";
		};
		4DFDFE6F1F09285A001719B1 /* AFNetworking */ = {
			isa = PBXGroup;
			children = (
				4DFDFE701F09285A001719B1 /* AFHTTPSessionManager.h */,
				4DFDFE711F09285A001719B1 /* AFHTTPSessionManager.m */,
				4DFDFE721F09285A001719B1 /* AFNetworking.h */,
				4DFDFE731F09285A001719B1 /* AFNetworkReachabilityManager.h */,
				4DFDFE741F09285A001719B1 /* AFNetworkReachabilityManager.m */,
				4DFDFE751F09285A001719B1 /* AFSecurityPolicy.h */,
				4DFDFE761F09285A001719B1 /* AFSecurityPolicy.m */,
				4DFDFE771F09285A001719B1 /* AFURLRequestSerialization.h */,
				4DFDFE781F09285A001719B1 /* AFURLRequestSerialization.m */,
				4DFDFE791F09285A001719B1 /* AFURLResponseSerialization.h */,
				4DFDFE7A1F09285A001719B1 /* AFURLResponseSerialization.m */,
				4DFDFE7B1F09285A001719B1 /* AFURLSessionManager.h */,
				4DFDFE7C1F09285A001719B1 /* AFURLSessionManager.m */,
			);
			path = AFNetworking;
			sourceTree = "<group>";
		};
		4DFDFE831F09286C001719B1 /* MJExtension */ = {
			isa = PBXGroup;
			children = (
				4DFDFE841F09286C001719B1 /* Info.plist */,
				4DFDFE851F09286C001719B1 /* MJExtension.h */,
				4DFDFE861F09286C001719B1 /* MJExtensionConst.h */,
				4DFDFE871F09286C001719B1 /* MJExtensionConst.m */,
				4DFDFE881F09286C001719B1 /* MJFoundation.h */,
				4DFDFE891F09286C001719B1 /* MJFoundation.m */,
				4DFDFE8A1F09286C001719B1 /* MJProperty.h */,
				4DFDFE8B1F09286C001719B1 /* MJProperty.m */,
				4DFDFE8C1F09286C001719B1 /* MJPropertyKey.h */,
				4DFDFE8D1F09286C001719B1 /* MJPropertyKey.m */,
				4DFDFE8E1F09286C001719B1 /* MJPropertyType.h */,
				4DFDFE8F1F09286C001719B1 /* MJPropertyType.m */,
				4DFDFE901F09286C001719B1 /* NSObject+MJClass.h */,
				4DFDFE911F09286C001719B1 /* NSObject+MJClass.m */,
				4DFDFE921F09286C001719B1 /* NSObject+MJCoding.h */,
				4DFDFE931F09286C001719B1 /* NSObject+MJCoding.m */,
				4DFDFE941F09286C001719B1 /* NSObject+MJKeyValue.h */,
				4DFDFE951F09286C001719B1 /* NSObject+MJKeyValue.m */,
				4DFDFE961F09286C001719B1 /* NSObject+MJProperty.h */,
				4DFDFE971F09286C001719B1 /* NSObject+MJProperty.m */,
				4DFDFE981F09286C001719B1 /* NSString+MJExtension.h */,
				4DFDFE991F09286C001719B1 /* NSString+MJExtension.m */,
			);
			path = MJExtension;
			sourceTree = "<group>";
		};
		4DFDFEA51F092881001719B1 /* SDWebImage */ = {
			isa = PBXGroup;
			children = (
				4DFDFEA91F092881001719B1 /* MKAnnotationView+WebCache.h */,
				4DFDFEAA1F092881001719B1 /* MKAnnotationView+WebCache.m */,
				4DFDFEAB1F092881001719B1 /* NSData+ImageContentType.h */,
				4DFDFEAC1F092881001719B1 /* NSData+ImageContentType.m */,
				4DFDFEAD1F092881001719B1 /* NSImage+WebCache.h */,
				4DFDFEAE1F092881001719B1 /* NSImage+WebCache.m */,
				4DFDFEAF1F092881001719B1 /* SDImageCache.h */,
				4DFDFEB01F092881001719B1 /* SDImageCache.m */,
				4DFDFEB11F092881001719B1 /* SDImageCacheConfig.h */,
				4DFDFEB21F092881001719B1 /* SDImageCacheConfig.m */,
				4DFDFEB31F092881001719B1 /* SDWebImageCompat.h */,
				4DFDFEB41F092881001719B1 /* SDWebImageCompat.m */,
				4DFDFEB51F092881001719B1 /* SDWebImageDecoder.h */,
				4DFDFEB61F092881001719B1 /* SDWebImageDecoder.m */,
				4DFDFEB71F092881001719B1 /* SDWebImageDownloader.h */,
				4DFDFEB81F092881001719B1 /* SDWebImageDownloader.m */,
				4DFDFEB91F092881001719B1 /* SDWebImageDownloaderOperation.h */,
				4DFDFEBA1F092881001719B1 /* SDWebImageDownloaderOperation.m */,
				4DFDFEBB1F092881001719B1 /* SDWebImageManager.h */,
				4DFDFEBC1F092881001719B1 /* SDWebImageManager.m */,
				4DFDFEBD1F092881001719B1 /* SDWebImageOperation.h */,
				4DFDFEBE1F092881001719B1 /* SDWebImagePrefetcher.h */,
				4DFDFEBF1F092881001719B1 /* SDWebImagePrefetcher.m */,
				4DFDFEC01F092881001719B1 /* UIButton+WebCache.h */,
				4DFDFEC11F092881001719B1 /* UIButton+WebCache.m */,
				4DFDFEC21F092881001719B1 /* UIImage+GIF.h */,
				4DFDFEC31F092881001719B1 /* UIImage+GIF.m */,
				4DFDFEC41F092881001719B1 /* UIImage+MultiFormat.h */,
				4DFDFEC51F092881001719B1 /* UIImage+MultiFormat.m */,
				4DFDFEC61F092881001719B1 /* UIImage+WebP.h */,
				4DFDFEC71F092881001719B1 /* UIImage+WebP.m */,
				4DFDFEC81F092881001719B1 /* UIImageView+HighlightedWebCache.h */,
				4DFDFEC91F092881001719B1 /* UIImageView+HighlightedWebCache.m */,
				4DFDFECA1F092881001719B1 /* UIImageView+WebCache.h */,
				4DFDFECB1F092881001719B1 /* UIImageView+WebCache.m */,
				4DFDFECC1F092881001719B1 /* UIView+WebCache.h */,
				4DFDFECD1F092881001719B1 /* UIView+WebCache.m */,
				4DFDFECE1F092881001719B1 /* UIView+WebCacheOperation.h */,
				4DFDFECF1F092881001719B1 /* UIView+WebCacheOperation.m */,
			);
			path = SDWebImage;
			sourceTree = "<group>";
		};
		B628235A1F0BEDDC0042323B /* Resource */ = {
			isa = PBXGroup;
			children = (
				B628235B1F0BEE080042323B /* image */,
				B628235C1F0BEE080042323B /* ttf */,
			);
			path = Resource;
			sourceTree = "<group>";
		};
		B628235B1F0BEE080042323B /* image */ = {
			isa = PBXGroup;
			children = (
			);
			path = image;
			sourceTree = "<group>";
		};
		B628235C1F0BEE080042323B /* ttf */ = {
			isa = PBXGroup;
			children = (
				B628235D1F0BF0CE0042323B /* iconfont.ttf */,
			);
			path = ttf;
			sourceTree = "<group>";
		};
/* End PBXGroup section */

/* Begin PBXNativeTarget section */
		4DF495DB1F077F120029F961 /* xiangjiaopi */ = {
			isa = PBXNativeTarget;
			buildConfigurationList = 4DF496091F077F120029F961 /* Build configuration list for PBXNativeTarget "xiangjiaopi" */;
			buildPhases = (
				4DF495D81F077F120029F961 /* Sources */,
				4DF495D91F077F120029F961 /* Frameworks */,
				4DF495DA1F077F120029F961 /* Resources */,
			);
			buildRules = (
			);
			dependencies = (
			);
			name = xiangjiaopi;
			productName = xiangjiaopi;
			productReference = 4DF495DC1F077F120029F961 /* xiangjiaopi.app */;
			productType = "com.apple.product-type.application";
		};
		4DF495F41F077F120029F961 /* xiangjiaopiTests */ = {
			isa = PBXNativeTarget;
			buildConfigurationList = 4DF4960C1F077F120029F961 /* Build configuration list for PBXNativeTarget "xiangjiaopiTests" */;
			buildPhases = (
				4DF495F11F077F120029F961 /* Sources */,
				4DF495F21F077F120029F961 /* Frameworks */,
				4DF495F31F077F120029F961 /* Resources */,
			);
			buildRules = (
			);
			dependencies = (
				4DF495F71F077F120029F961 /* PBXTargetDependency */,
			);
			name = xiangjiaopiTests;
			productName = xiangjiaopiTests;
			productReference = 4DF495F51F077F120029F961 /* xiangjiaopiTests.xctest */;
			productType = "com.apple.product-type.bundle.unit-test";
		};
		4DF495FF1F077F120029F961 /* xiangjiaopiUITests */ = {
			isa = PBXNativeTarget;
			buildConfigurationList = 4DF4960F1F077F120029F961 /* Build configuration list for PBXNativeTarget "xiangjiaopiUITests" */;
			buildPhases = (
				4DF495FC1F077F120029F961 /* Sources */,
				4DF495FD1F077F120029F961 /* Frameworks */,
				4DF495FE1F077F120029F961 /* Resources */,
			);
			buildRules = (
			);
			dependencies = (
				4DF496021F077F120029F961 /* PBXTargetDependency */,
			);
			name = xiangjiaopiUITests;
			productName = xiangjiaopiUITests;
			productReference = 4DF496001F077F120029F961 /* xiangjiaopiUITests.xctest */;
			productType = "com.apple.product-type.bundle.ui-testing";
		};
/* End PBXNativeTarget section */

/* Begin PBXProject section */
		4DF495D41F077F120029F961 /* Project object */ = {
			isa = PBXProject;
			attributes = {
				LastUpgradeCheck = 0830;
				ORGANIZATIONNAME = "appstore@dongao.com";
				TargetAttributes = {
					4DF495DB1F077F120029F961 = {
						CreatedOnToolsVersion = 8.3.2;
						ProvisioningStyle = Manual;
					};
					4DF495F41F077F120029F961 = {
						CreatedOnToolsVersion = 8.3.2;
						ProvisioningStyle = Automatic;
						TestTargetID = 4DF495DB1F077F120029F961;
					};
					4DF495FF1F077F120029F961 = {
						CreatedOnToolsVersion = 8.3.2;
						ProvisioningStyle = Automatic;
						TestTargetID = 4DF495DB1F077F120029F961;
					};
				};
			};
			buildConfigurationList = 4DF495D71F077F120029F961 /* Build configuration list for PBXProject "xiangjiaopi" */;
			compatibilityVersion = "Xcode 3.2";
			developmentRegion = English;
			hasScannedForEncodings = 0;
			knownRegions = (
				en,
				Base,
			);
			mainGroup = 4DF495D31F077F120029F961;
			productRefGroup = 4DF495DD1F077F120029F961 /* Products */;
			projectDirPath = "";
			projectRoot = "";
			targets = (
				4DF495DB1F077F120029F961 /* xiangjiaopi */,
				4DF495F41F077F120029F961 /* xiangjiaopiTests */,
				4DF495FF1F077F120029F961 /* xiangjiaopiUITests */,
			);
		};
/* End PBXProject section */

/* Begin PBXResourcesBuildPhase section */
		4DF495DA1F077F120029F961 /* Resources */ = {
			isa = PBXResourcesBuildPhase;
			buildActionMask = 2147483647;
			files = (
				4DF4965F1F07867A0029F961 /* .gitignore in Resources */,
				4DF495EF1F077F120029F961 /* LaunchScreen.storyboard in Resources */,
				B628235E1F0BF0CE0042323B /* iconfont.ttf in Resources */,
				4DFDFE9A1F09286C001719B1 /* Info.plist in Resources */,
				4DF495EC1F077F120029F961 /* Assets.xcassets in Resources */,
				4DFDFE691F09104D001719B1 /* MJRefresh.bundle in Resources */,
				4DF495EA1F077F120029F961 /* Main.storyboard in Resources */,
			);
			runOnlyForDeploymentPostprocessing = 0;
		};
		4DF495F31F077F120029F961 /* Resources */ = {
			isa = PBXResourcesBuildPhase;
			buildActionMask = 2147483647;
			files = (
			);
			runOnlyForDeploymentPostprocessing = 0;
		};
		4DF495FE1F077F120029F961 /* Resources */ = {
			isa = PBXResourcesBuildPhase;
			buildActionMask = 2147483647;
			files = (
			);
			runOnlyForDeploymentPostprocessing = 0;
		};
/* End PBXResourcesBuildPhase section */

/* Begin PBXSourcesBuildPhase section */
		4DF495D81F077F120029F961 /* Sources */ = {
			isa = PBXSourcesBuildPhase;
			buildActionMask = 2147483647;
			files = (
				4DFDFE821F09285A001719B1 /* AFURLSessionManager.m in Sources */,
				4DF495E71F077F120029F961 /* ViewController.m in Sources */,
				4DFDFE9C1F09286C001719B1 /* MJFoundation.m in Sources */,
				4DFDFE6B1F09104D001719B1 /* NSBundle+MJRefresh.m in Sources */,
				4DFDFE6A1F09104D001719B1 /* MJRefreshConst.m in Sources */,
				4DF495E41F077F120029F961 /* AppDelegate.m in Sources */,
				4DFDFE7E1F09285A001719B1 /* AFNetworkReachabilityManager.m in Sources */,
				4DFDFED41F092881001719B1 /* SDImageCache.m in Sources */,
				4D4B7DDC1F0950C000789943 /* NSDictionary+NetworkingMethods.m in Sources */,
				4DFDFEA31F09286C001719B1 /* NSObject+MJProperty.m in Sources */,
				4D4B7DE51F0A597900789943 /* XJNetApiManager.m in Sources */,
				4DB5DA621F078F2500D00828 /* XJNewPersonViewController.m in Sources */,
				4D4B7DD11F094AB600789943 /* NSObject+Additional.m in Sources */,
				4DFDFE671F09104D001719B1 /* MJRefreshNormalHeader.m in Sources */,
				4DFDFE651F09104D001719B1 /* MJRefreshBackStateFooter.m in Sources */,
				4DFDFEE01F092881001719B1 /* UIImageView+HighlightedWebCache.m in Sources */,
				4DB5DA4E1F078C5B00D00828 /* ZJCollectionView.m in Sources */,
				4DF4962E1F0781160029F961 /* XJGirlPlayViewController.m in Sources */,
				4D4B7DD81F094CED00789943 /* NSString+Additional.m in Sources */,
				4DFDFE9E1F09286C001719B1 /* MJPropertyKey.m in Sources */,
				4DFDFEDC1F092881001719B1 /* UIButton+WebCache.m in Sources */,
				4DB5DA531F078C5B00D00828 /* ZJTitleView.m in Sources */,
				4DF496501F0785350029F961 /* NSString+Size.m in Sources */,
				4DFDFEE11F092881001719B1 /* UIImageView+WebCache.m in Sources */,
				4DFDFE5D1F09104D001719B1 /* MJRefreshComponent.m in Sources */,
				4DFDFE6D1F09104D001719B1 /* UIScrollView+MJRefresh.m in Sources */,
				4DFDFE811F09285A001719B1 /* AFURLResponseSerialization.m in Sources */,
				4DFDFE7D1F09285A001719B1 /* AFHTTPSessionManager.m in Sources */,
				4DFDFE6C1F09104D001719B1 /* UIScrollView+MJExtension.m in Sources */,
				4D4B7DCE1F0948A400789943 /* XJNetWorkClient.m in Sources */,
				4DB5DA4F1F078C5B00D00828 /* ZJContentView.m in Sources */,
				4DB5DA5C1F078EF400D00828 /* XJFollowViewController.m in Sources */,
				4DFDFEA11F09286C001719B1 /* NSObject+MJCoding.m in Sources */,
				4DFDFE5F1F09104D001719B1 /* MJRefreshHeader.m in Sources */,
				4DFDFE611F09104D001719B1 /* MJRefreshAutoNormalFooter.m in Sources */,
				4DFDFED21F092881001719B1 /* NSData+ImageContentType.m in Sources */,
				4DFDFED71F092881001719B1 /* SDWebImageDecoder.m in Sources */,
				4DF495E11F077F120029F961 /* main.m in Sources */,
				4DF4964D1F0784D90029F961 /* UIBarButtonItem+Extension.m in Sources */,
				4DFDFEDF1F092881001719B1 /* UIImage+WebP.m in Sources */,
				4DB5DA501F078C5B00D00828 /* ZJScrollPageView.m in Sources */,
				4DB5DA511F078C5B00D00828 /* ZJScrollSegmentView.m in Sources */,
				4DFDFEDB1F092881001719B1 /* SDWebImagePrefetcher.m in Sources */,
				4DB5DA4D1F078C5B00D00828 /* UIViewController+ZJScrollPageController.m in Sources */,
				4DFDFE5C1F09104D001719B1 /* MJRefreshBackFooter.m in Sources */,
				4DFDFE621F09104D001719B1 /* MJRefreshAutoStateFooter.m in Sources */,
				4DF496611F07867A0029F961 /* UIView+LayoutMethods.m in Sources */,
				4DFDFE7F1F09285A001719B1 /* AFSecurityPolicy.m in Sources */,
				4DFDFEE31F092881001719B1 /* UIView+WebCacheOperation.m in Sources */,
				4DFDFEA01F09286C001719B1 /* NSObject+MJClass.m in Sources */,
				4DFDFE9F1F09286C001719B1 /* MJPropertyType.m in Sources */,
				4DF496411F0782730029F961 /* CMTabBarViewController.m in Sources */,
				4DF496341F0781410029F961 /* XJMyProfileViewController.m in Sources */,
				4DB5DA5F1F078F0E00D00828 /* XJHotViewController.m in Sources */,
				4DFDFED51F092881001719B1 /* SDImageCacheConfig.m in Sources */,
				4DFDFE681F09104D001719B1 /* MJRefreshStateHeader.m in Sources */,
				4DF496531F0785600029F961 /* NSData+CommonCrypto.m in Sources */,
				4DFDFED61F092881001719B1 /* SDWebImageCompat.m in Sources */,
				4DFDFE6E1F09104D001719B1 /* UIView+MJExtension.m in Sources */,
				4DFDFED31F092881001719B1 /* NSImage+WebCache.m in Sources */,
				4DB5DA521F078C5B00D00828 /* ZJSegmentStyle.m in Sources */,
				4DFDFE601F09104D001719B1 /* MJRefreshAutoGifFooter.m in Sources */,
				4DF496461F0782C70029F961 /* UIImage+Extension.m in Sources */,
				4DFDFE9B1F09286C001719B1 /* MJExtensionConst.m in Sources */,
				4DFDFEA21F09286C001719B1 /* NSObject+MJKeyValue.m in Sources */,
				4DFDFED81F092881001719B1 /* SDWebImageDownloader.m in Sources */,
				4DF496561F0785970029F961 /* GTMBase64.m in Sources */,
				4DFDFEDA1F092881001719B1 /* SDWebImageManager.m in Sources */,
				4DFDFEDE1F092881001719B1 /* UIImage+MultiFormat.m in Sources */,
				4DFDFE631F09104D001719B1 /* MJRefreshBackGifFooter.m in Sources */,
				4DFDFEA41F09286C001719B1 /* NSString+MJExtension.m in Sources */,
				4DFDFEE21F092881001719B1 /* UIView+WebCache.m in Sources */,
				4D4B7DD51F094C2500789943 /* MBProgressHUD.m in Sources */,
				4DFDFE801F09285A001719B1 /* AFURLRequestSerialization.m in Sources */,
				4D4B7DDF1F0950F800789943 /* NSArray+NetworkingMethods.m in Sources */,
				4DFDFEDD1F092881001719B1 /* UIImage+GIF.m in Sources */,
				4DFDFED11F092881001719B1 /* MKAnnotationView+WebCache.m in Sources */,
				4DFDFE661F09104D001719B1 /* MJRefreshGifHeader.m in Sources */,
				4DF496601F07867A0029F961 /* UIView+AEBHandyAutoLayout.m in Sources */,
				4DF4964A1F07848E0029F961 /* KQUINavigationViewController.m in Sources */,
				4DB5DA4C1F078C5B00D00828 /* UIView+ZJFrame.m in Sources */,
				4DFDFE9D1F09286C001719B1 /* MJProperty.m in Sources */,
				4DFDFE5B1F09104D001719B1 /* MJRefreshAutoFooter.m in Sources */,
				4DFDFE641F09104D001719B1 /* MJRefreshBackNormalFooter.m in Sources */,
				4DF496311F07812B0029F961 /* XJMessageViewController.m in Sources */,
				4DFDFED91F092881001719B1 /* SDWebImageDownloaderOperation.m in Sources */,
				4DFDFE5E1F09104D001719B1 /* MJRefreshFooter.m in Sources */,
			);
			runOnlyForDeploymentPostprocessing = 0;
		};
		4DF495F11F077F120029F961 /* Sources */ = {
			isa = PBXSourcesBuildPhase;
			buildActionMask = 2147483647;
			files = (
				4DF495FA1F077F120029F961 /* xiangjiaopiTests.m in Sources */,
			);
			runOnlyForDeploymentPostprocessing = 0;
		};
		4DF495FC1F077F120029F961 /* Sources */ = {
			isa = PBXSourcesBuildPhase;
			buildActionMask = 2147483647;
			files = (
				4DF496051F077F120029F961 /* xiangjiaopiUITests.m in Sources */,
			);
			runOnlyForDeploymentPostprocessing = 0;
		};
/* End PBXSourcesBuildPhase section */

/* Begin PBXTargetDependency section */
		4DF495F71F077F120029F961 /* PBXTargetDependency */ = {
			isa = PBXTargetDependency;
			target = 4DF495DB1F077F120029F961 /* xiangjiaopi */;
			targetProxy = 4DF495F61F077F120029F961 /* PBXContainerItemProxy */;
		};
		4DF496021F077F120029F961 /* PBXTargetDependency */ = {
			isa = PBXTargetDependency;
			target = 4DF495DB1F077F120029F961 /* xiangjiaopi */;
			targetProxy = 4DF496011F077F120029F961 /* PBXContainerItemProxy */;
		};
/* End PBXTargetDependency section */

/* Begin PBXVariantGroup section */
		4DF495E81F077F120029F961 /* Main.storyboard */ = {
			isa = PBXVariantGroup;
			children = (
				4DF495E91F077F120029F961 /* Base */,
			);
			name = Main.storyboard;
			sourceTree = "<group>";
		};
		4DF495ED1F077F120029F961 /* LaunchScreen.storyboard */ = {
			isa = PBXVariantGroup;
			children = (
				4DF495EE1F077F120029F961 /* Base */,
			);
			name = LaunchScreen.storyboard;
			sourceTree = "<group>";
		};
/* End PBXVariantGroup section */

/* Begin XCBuildConfiguration section */
		4DF496071F077F120029F961 /* Debug */ = {
			isa = XCBuildConfiguration;
			buildSettings = {
				ALWAYS_SEARCH_USER_PATHS = NO;
				CLANG_ANALYZER_NONNULL = YES;
				CLANG_ANALYZER_NUMBER_OBJECT_CONVERSION = YES_AGGRESSIVE;
				CLANG_CXX_LANGUAGE_STANDARD = "gnu++0x";
				CLANG_CXX_LIBRARY = "libc++";
				CLANG_ENABLE_MODULES = YES;
				CLANG_ENABLE_OBJC_ARC = YES;
				CLANG_WARN_BOOL_CONVERSION = YES;
				CLANG_WARN_CONSTANT_CONVERSION = YES;
				CLANG_WARN_DIRECT_OBJC_ISA_USAGE = YES_ERROR;
				CLANG_WARN_DOCUMENTATION_COMMENTS = YES;
				CLANG_WARN_EMPTY_BODY = YES;
				CLANG_WARN_ENUM_CONVERSION = YES;
				CLANG_WARN_INFINITE_RECURSION = YES;
				CLANG_WARN_INT_CONVERSION = YES;
				CLANG_WARN_OBJC_ROOT_CLASS = YES_ERROR;
				CLANG_WARN_SUSPICIOUS_MOVE = YES;
				CLANG_WARN_UNREACHABLE_CODE = YES;
				CLANG_WARN__DUPLICATE_METHOD_MATCH = YES;
				"CODE_SIGN_IDENTITY[sdk=iphoneos*]" = "iPhone Developer";
				COPY_PHASE_STRIP = NO;
				DEBUG_INFORMATION_FORMAT = dwarf;
				ENABLE_STRICT_OBJC_MSGSEND = YES;
				ENABLE_TESTABILITY = YES;
				GCC_C_LANGUAGE_STANDARD = gnu99;
				GCC_DYNAMIC_NO_PIC = NO;
				GCC_NO_COMMON_BLOCKS = YES;
				GCC_OPTIMIZATION_LEVEL = 0;
				GCC_PREPROCESSOR_DEFINITIONS = (
					"DEBUG=1",
					"$(inherited)",
				);
				GCC_VERSION = "";
				GCC_WARN_64_TO_32_BIT_CONVERSION = YES;
				GCC_WARN_ABOUT_RETURN_TYPE = YES_ERROR;
				GCC_WARN_UNDECLARED_SELECTOR = YES;
				GCC_WARN_UNINITIALIZED_AUTOS = YES_AGGRESSIVE;
				GCC_WARN_UNUSED_FUNCTION = YES;
				GCC_WARN_UNUSED_VARIABLE = YES;
				IPHONEOS_DEPLOYMENT_TARGET = 10.3;
				MTL_ENABLE_DEBUG_INFO = YES;
				ONLY_ACTIVE_ARCH = YES;
				SDKROOT = iphoneos;
			};
			name = Debug;
		};
		4DF496081F077F120029F961 /* Release */ = {
			isa = XCBuildConfiguration;
			buildSettings = {
				ALWAYS_SEARCH_USER_PATHS = NO;
				CLANG_ANALYZER_NONNULL = YES;
				CLANG_ANALYZER_NUMBER_OBJECT_CONVERSION = YES_AGGRESSIVE;
				CLANG_CXX_LANGUAGE_STANDARD = "gnu++0x";
				CLANG_CXX_LIBRARY = "libc++";
				CLANG_ENABLE_MODULES = YES;
				CLANG_ENABLE_OBJC_ARC = YES;
				CLANG_WARN_BOOL_CONVERSION = YES;
				CLANG_WARN_CONSTANT_CONVERSION = YES;
				CLANG_WARN_DIRECT_OBJC_ISA_USAGE = YES_ERROR;
				CLANG_WARN_DOCUMENTATION_COMMENTS = YES;
				CLANG_WARN_EMPTY_BODY = YES;
				CLANG_WARN_ENUM_CONVERSION = YES;
				CLANG_WARN_INFINITE_RECURSION = YES;
				CLANG_WARN_INT_CONVERSION = YES;
				CLANG_WARN_OBJC_ROOT_CLASS = YES_ERROR;
				CLANG_WARN_SUSPICIOUS_MOVE = YES;
				CLANG_WARN_UNREACHABLE_CODE = YES;
				CLANG_WARN__DUPLICATE_METHOD_MATCH = YES;
				"CODE_SIGN_IDENTITY[sdk=iphoneos*]" = "iPhone Developer";
				COPY_PHASE_STRIP = NO;
				DEBUG_INFORMATION_FORMAT = "dwarf-with-dsym";
				ENABLE_NS_ASSERTIONS = NO;
				ENABLE_STRICT_OBJC_MSGSEND = YES;
				GCC_C_LANGUAGE_STANDARD = gnu99;
				GCC_NO_COMMON_BLOCKS = YES;
				GCC_VERSION = "";
				GCC_WARN_64_TO_32_BIT_CONVERSION = YES;
				GCC_WARN_ABOUT_RETURN_TYPE = YES_ERROR;
				GCC_WARN_UNDECLARED_SELECTOR = YES;
				GCC_WARN_UNINITIALIZED_AUTOS = YES_AGGRESSIVE;
				GCC_WARN_UNUSED_FUNCTION = YES;
				GCC_WARN_UNUSED_VARIABLE = YES;
				IPHONEOS_DEPLOYMENT_TARGET = 10.3;
				MTL_ENABLE_DEBUG_INFO = NO;
				SDKROOT = iphoneos;
				VALIDATE_PRODUCT = YES;
			};
			name = Release;
		};
		4DF4960A1F077F120029F961 /* Debug */ = {
			isa = XCBuildConfiguration;
			buildSettings = {
				ASSETCATALOG_COMPILER_APPICON_NAME = AppIcon;
				"CODE_SIGN_IDENTITY[sdk=iphoneos*]" = "iPhone Developer";
				DEVELOPMENT_TEAM = "";
				GCC_PREFIX_HEADER = "$(PROJECT_DIR)/xiangjiaopi/PrefixHeader.pch";
				INFOPLIST_FILE = xiangjiaopi/Info.plist;
				IPHONEOS_DEPLOYMENT_TARGET = 8.0;
				LD_RUNPATH_SEARCH_PATHS = "$(inherited) @executable_path/Frameworks";
				PRODUCT_BUNDLE_IDENTIFIER = com.fengtangkeji.app.xiangjiaotes;
				PRODUCT_NAME = "$(TARGET_NAME)";
				PROVISIONING_PROFILE_SPECIFIER = "";
			};
			name = Debug;
		};
		4DF4960B1F077F120029F961 /* Release */ = {
			isa = XCBuildConfiguration;
			buildSettings = {
				ASSETCATALOG_COMPILER_APPICON_NAME = AppIcon;
				"CODE_SIGN_IDENTITY[sdk=iphoneos*]" = "iPhone Developer";
				DEVELOPMENT_TEAM = "";
				GCC_PREFIX_HEADER = "$(PROJECT_DIR)/xiangjiaopi/PrefixHeader.pch";
				INFOPLIST_FILE = xiangjiaopi/Info.plist;
				IPHONEOS_DEPLOYMENT_TARGET = 8.0;
				LD_RUNPATH_SEARCH_PATHS = "$(inherited) @executable_path/Frameworks";
				PRODUCT_BUNDLE_IDENTIFIER = com.fengtangkeji.app.xiangjiaotes;
				PRODUCT_NAME = "$(TARGET_NAME)";
				PROVISIONING_PROFILE_SPECIFIER = "";
			};
			name = Release;
		};
		4DF4960D1F077F120029F961 /* Debug */ = {
			isa = XCBuildConfiguration;
			buildSettings = {
				BUNDLE_LOADER = "$(TEST_HOST)";
				DEVELOPMENT_TEAM = "";
				INFOPLIST_FILE = xiangjiaopiTests/Info.plist;
				LD_RUNPATH_SEARCH_PATHS = "$(inherited) @executable_path/Frameworks @loader_path/Frameworks";
				PRODUCT_BUNDLE_IDENTIFIER = com.fengtangkeji.app.xiangjiaopiTests;
				PRODUCT_NAME = "$(TARGET_NAME)";
				TEST_HOST = "$(BUILT_PRODUCTS_DIR)/xiangjiaopi.app/xiangjiaopi";
			};
			name = Debug;
		};
		4DF4960E1F077F120029F961 /* Release */ = {
			isa = XCBuildConfiguration;
			buildSettings = {
				BUNDLE_LOADER = "$(TEST_HOST)";
				DEVELOPMENT_TEAM = "";
				INFOPLIST_FILE = xiangjiaopiTests/Info.plist;
				LD_RUNPATH_SEARCH_PATHS = "$(inherited) @executable_path/Frameworks @loader_path/Frameworks";
				PRODUCT_BUNDLE_IDENTIFIER = com.fengtangkeji.app.xiangjiaopiTests;
				PRODUCT_NAME = "$(TARGET_NAME)";
				TEST_HOST = "$(BUILT_PRODUCTS_DIR)/xiangjiaopi.app/xiangjiaopi";
			};
			name = Release;
		};
		4DF496101F077F120029F961 /* Debug */ = {
			isa = XCBuildConfiguration;
			buildSettings = {
				DEVELOPMENT_TEAM = "";
				INFOPLIST_FILE = xiangjiaopiUITests/Info.plist;
				LD_RUNPATH_SEARCH_PATHS = "$(inherited) @executable_path/Frameworks @loader_path/Frameworks";
				PRODUCT_BUNDLE_IDENTIFIER = com.fengtangkeji.app.xiangjiaopiUITests;
				PRODUCT_NAME = "$(TARGET_NAME)";
				TEST_TARGET_NAME = xiangjiaopi;
			};
			name = Debug;
		};
		4DF496111F077F120029F961 /* Release */ = {
			isa = XCBuildConfiguration;
			buildSettings = {
				DEVELOPMENT_TEAM = "";
				INFOPLIST_FILE = xiangjiaopiUITests/Info.plist;
				LD_RUNPATH_SEARCH_PATHS = "$(inherited) @executable_path/Frameworks @loader_path/Frameworks";
				PRODUCT_BUNDLE_IDENTIFIER = com.fengtangkeji.app.xiangjiaopiUITests;
				PRODUCT_NAME = "$(TARGET_NAME)";
				TEST_TARGET_NAME = xiangjiaopi;
			};
			name = Release;
		};
/* End XCBuildConfiguration section */

/* Begin XCConfigurationList section */
		4DF495D71F077F120029F961 /* Build configuration list for PBXProject "xiangjiaopi" */ = {
			isa = XCConfigurationList;
			buildConfigurations = (
				4DF496071F077F120029F961 /* Debug */,
				4DF496081F077F120029F961 /* Release */,
			);
			defaultConfigurationIsVisible = 0;
			defaultConfigurationName = Release;
		};
		4DF496091F077F120029F961 /* Build configuration list for PBXNativeTarget "xiangjiaopi" */ = {
			isa = XCConfigurationList;
			buildConfigurations = (
				4DF4960A1F077F120029F961 /* Debug */,
				4DF4960B1F077F120029F961 /* Release */,
			);
			defaultConfigurationIsVisible = 0;
			defaultConfigurationName = Release;
		};
		4DF4960C1F077F120029F961 /* Build configuration list for PBXNativeTarget "xiangjiaopiTests" */ = {
			isa = XCConfigurationList;
			buildConfigurations = (
				4DF4960D1F077F120029F961 /* Debug */,
				4DF4960E1F077F120029F961 /* Release */,
			);
			defaultConfigurationIsVisible = 0;
			defaultConfigurationName = Release;
		};
		4DF4960F1F077F120029F961 /* Build configuration list for PBXNativeTarget "xiangjiaopiUITests" */ = {
			isa = XCConfigurationList;
			buildConfigurations = (
				4DF496101F077F120029F961 /* Debug */,
				4DF496111F077F120029F961 /* Release */,
			);
			defaultConfigurationIsVisible = 0;
			defaultConfigurationName = Release;
		};
/* End XCConfigurationList section */
	};
	rootObject = 4DF495D41F077F120029F961 /* Project object */;
}
